
Microsoft Visual Studio Solution File, Format Version 12.00
# Visual Studio 2012
Project("{FAE04EC0-301F-11D3-BF4B-00C04F79EFBC}") = "SA_Resources", "SA_Resources\SA_Resources.csproj", "{CBB53399-CC71-4AE3-87EE-D87DEAF0AD0D}"
EndProject
Project("{FAE04EC0-301F-11D3-BF4B-00C04F79EFBC}") = "Stewart Audio Control Center", "Stewart Audio Control Center\Stewart Audio Control Center.csproj", "{ACCA21E1-0214-41E9-9361-38F15A0E670E}"
EndProject
Project("{2150E333-8FDC-42A3-9474-1A3956D46DE8}") = "Devices", "Devices", "{5354D55E-97FA-4A1E-A9CC-F569C5121ADA}"
EndProject
Project("{FAE04EC0-301F-11D3-BF4B-00C04F79EFBC}") = "FLX 80-4", "Devices\FLX80-4\FLX 80-4.csproj", "{C5E20D4F-2041-4B17-AF6C-D30BF58906FC}"
EndProject
Project("{2150E333-8FDC-42A3-9474-1A3956D46DE8}") = "Installers", "Installers", "{07C7DC9A-3641-4DF1-BD26-9C0A24BD1F5F}"
EndProject
Project("{FAE04EC0-301F-11D3-BF4B-00C04F79EFBC}") = "DSP 4x4", "Devices\DSP 4x4\DSP 4x4.csproj", "{FE01ACC1-CE92-44BC-BAF9-04799748362C}"
EndProject
Project("{2150E333-8FDC-42A3-9474-1A3956D46DE8}") = "FLX Family", "FLX Family", "{3F5A4C77-F9E3-4537-B2D5-02AF7D98E449}"
EndProject
Project("{2150E333-8FDC-42A3-9474-1A3956D46DE8}") = "DSP100 Family", "DSP100 Family", "{511BA7F5-8421-4E58-B918-8BB3C3B9C0AD}"
EndProject
Project("{2150E333-8FDC-42A3-9474-1A3956D46DE8}") = "Standalone", "Standalone", "{09131C94-6C26-4813-9373-F56094F933C0}"
EndProject
Project("{6141683F-8A12-4E36-9623-2EB02B2C2303}") = "Setup", "Setup\Setup.isproj", "{79AB05A8-CD4F-4532-850F-CED511FAA33D}"
	ProjectSection(ProjectDependencies) = postProject
		{CBB53399-CC71-4AE3-87EE-D87DEAF0AD0D} = {CBB53399-CC71-4AE3-87EE-D87DEAF0AD0D}
		{ACCA21E1-0214-41E9-9361-38F15A0E670E} = {ACCA21E1-0214-41E9-9361-38F15A0E670E}
	EndProjectSection
EndProject
Global
	GlobalSection(SolutionConfigurationPlatforms) = preSolution
		CD_ROM|Any CPU = CD_ROM|Any CPU
		CD_ROM|Mixed Platforms = CD_ROM|Mixed Platforms
		CD_ROM|x86 = CD_ROM|x86
		Debug|Any CPU = Debug|Any CPU
		Debug|Mixed Platforms = Debug|Mixed Platforms
		Debug|x86 = Debug|x86
		DVD-5|Any CPU = DVD-5|Any CPU
		DVD-5|Mixed Platforms = DVD-5|Mixed Platforms
		DVD-5|x86 = DVD-5|x86
		Release|Any CPU = Release|Any CPU
		Release|Mixed Platforms = Release|Mixed Platforms
		Release|x86 = Release|x86
		SingleImage|Any CPU = SingleImage|Any CPU
		SingleImage|Mixed Platforms = SingleImage|Mixed Platforms
		SingleImage|x86 = SingleImage|x86
	EndGlobalSection
	GlobalSection(ProjectConfigurationPlatforms) = postSolution
		{CBB53399-CC71-4AE3-87EE-D87DEAF0AD0D}.CD_ROM|Any CPU.ActiveCfg = Release|Any CPU
		{CBB53399-CC71-4AE3-87EE-D87DEAF0AD0D}.CD_ROM|Any CPU.Build.0 = Release|Any CPU
		{CBB53399-CC71-4AE3-87EE-D87DEAF0AD0D}.CD_ROM|Mixed Platforms.ActiveCfg = Release|Any CPU
		{CBB53399-CC71-4AE3-87EE-D87DEAF0AD0D}.CD_ROM|Mixed Platforms.Build.0 = Release|Any CPU
		{CBB53399-CC71-4AE3-87EE-D87DEAF0AD0D}.CD_ROM|x86.ActiveCfg = Release|Any CPU
		{CBB53399-CC71-4AE3-87EE-D87DEAF0AD0D}.Debug|Any CPU.ActiveCfg = Debug|Any CPU
		{CBB53399-CC71-4AE3-87EE-D87DEAF0AD0D}.Debug|Any CPU.Build.0 = Debug|Any CPU
		{CBB53399-CC71-4AE3-87EE-D87DEAF0AD0D}.Debug|Mixed Platforms.ActiveCfg = Debug|Any CPU
		{CBB53399-CC71-4AE3-87EE-D87DEAF0AD0D}.Debug|Mixed Platforms.Build.0 = Debug|Any CPU
		{CBB53399-CC71-4AE3-87EE-D87DEAF0AD0D}.Debug|x86.ActiveCfg = Debug|Any CPU
		{CBB53399-CC71-4AE3-87EE-D87DEAF0AD0D}.Debug|x86.Build.0 = Debug|Any CPU
		{CBB53399-CC71-4AE3-87EE-D87DEAF0AD0D}.DVD-5|Any CPU.ActiveCfg = Debug|Any CPU
		{CBB53399-CC71-4AE3-87EE-D87DEAF0AD0D}.DVD-5|Any CPU.Build.0 = Debug|Any CPU
		{CBB53399-CC71-4AE3-87EE-D87DEAF0AD0D}.DVD-5|Mixed Platforms.ActiveCfg = Debug|Any CPU
		{CBB53399-CC71-4AE3-87EE-D87DEAF0AD0D}.DVD-5|Mixed Platforms.Build.0 = Debug|Any CPU
		{CBB53399-CC71-4AE3-87EE-D87DEAF0AD0D}.DVD-5|x86.ActiveCfg = Debug|Any CPU
		{CBB53399-CC71-4AE3-87EE-D87DEAF0AD0D}.Release|Any CPU.ActiveCfg = Release|Any CPU
		{CBB53399-CC71-4AE3-87EE-D87DEAF0AD0D}.Release|Any CPU.Build.0 = Release|Any CPU
		{CBB53399-CC71-4AE3-87EE-D87DEAF0AD0D}.Release|Mixed Platforms.ActiveCfg = Release|Any CPU
		{CBB53399-CC71-4AE3-87EE-D87DEAF0AD0D}.Release|Mixed Platforms.Build.0 = Release|Any CPU
		{CBB53399-CC71-4AE3-87EE-D87DEAF0AD0D}.Release|x86.ActiveCfg = Release|Any CPU
		{CBB53399-CC71-4AE3-87EE-D87DEAF0AD0D}.Release|x86.Build.0 = Release|Any CPU
		{CBB53399-CC71-4AE3-87EE-D87DEAF0AD0D}.SingleImage|Any CPU.ActiveCfg = Release|Any CPU
		{CBB53399-CC71-4AE3-87EE-D87DEAF0AD0D}.SingleImage|Any CPU.Build.0 = Release|Any CPU
		{CBB53399-CC71-4AE3-87EE-D87DEAF0AD0D}.SingleImage|Mixed Platforms.ActiveCfg = Release|Any CPU
		{CBB53399-CC71-4AE3-87EE-D87DEAF0AD0D}.SingleImage|Mixed Platforms.Build.0 = Release|Any CPU
		{CBB53399-CC71-4AE3-87EE-D87DEAF0AD0D}.SingleImage|x86.ActiveCfg = Release|Any CPU
		{ACCA21E1-0214-41E9-9361-38F15A0E670E}.CD_ROM|Any CPU.ActiveCfg = Release|x86
		{ACCA21E1-0214-41E9-9361-38F15A0E670E}.CD_ROM|Mixed Platforms.ActiveCfg = Release|x86
		{ACCA21E1-0214-41E9-9361-38F15A0E670E}.CD_ROM|Mixed Platforms.Build.0 = Release|x86
		{ACCA21E1-0214-41E9-9361-38F15A0E670E}.CD_ROM|x86.ActiveCfg = Release|x86
		{ACCA21E1-0214-41E9-9361-38F15A0E670E}.CD_ROM|x86.Build.0 = Release|x86
		{ACCA21E1-0214-41E9-9361-38F15A0E670E}.Debug|Any CPU.ActiveCfg = Debug|x86
		{ACCA21E1-0214-41E9-9361-38F15A0E670E}.Debug|Mixed Platforms.ActiveCfg = Debug|x86
		{ACCA21E1-0214-41E9-9361-38F15A0E670E}.Debug|Mixed Platforms.Build.0 = Debug|x86
		{ACCA21E1-0214-41E9-9361-38F15A0E670E}.Debug|x86.ActiveCfg = Debug|x86
		{ACCA21E1-0214-41E9-9361-38F15A0E670E}.Debug|x86.Build.0 = Debug|x86
		{ACCA21E1-0214-41E9-9361-38F15A0E670E}.DVD-5|Any CPU.ActiveCfg = Debug|x86
		{ACCA21E1-0214-41E9-9361-38F15A0E670E}.DVD-5|Mixed Platforms.ActiveCfg = Debug|x86
		{ACCA21E1-0214-41E9-9361-38F15A0E670E}.DVD-5|Mixed Platforms.Build.0 = Debug|x86
		{ACCA21E1-0214-41E9-9361-38F15A0E670E}.DVD-5|x86.ActiveCfg = Debug|x86
		{ACCA21E1-0214-41E9-9361-38F15A0E670E}.DVD-5|x86.Build.0 = Debug|x86
		{ACCA21E1-0214-41E9-9361-38F15A0E670E}.Release|Any CPU.ActiveCfg = Release|x86
		{ACCA21E1-0214-41E9-9361-38F15A0E670E}.Release|Mixed Platforms.ActiveCfg = Release|x86
		{ACCA21E1-0214-41E9-9361-38F15A0E670E}.Release|Mixed Platforms.Build.0 = Release|x86
		{ACCA21E1-0214-41E9-9361-38F15A0E670E}.Release|x86.ActiveCfg = Release|x86
		{ACCA21E1-0214-41E9-9361-38F15A0E670E}.Release|x86.Build.0 = Release|x86
		{ACCA21E1-0214-41E9-9361-38F15A0E670E}.SingleImage|Any CPU.ActiveCfg = Release|x86
		{ACCA21E1-0214-41E9-9361-38F15A0E670E}.SingleImage|Mixed Platforms.ActiveCfg = Release|x86
		{ACCA21E1-0214-41E9-9361-38F15A0E670E}.SingleImage|Mixed Platforms.Build.0 = Release|x86
		{ACCA21E1-0214-41E9-9361-38F15A0E670E}.SingleImage|x86.ActiveCfg = Release|x86
		{ACCA21E1-0214-41E9-9361-38F15A0E670E}.SingleImage|x86.Build.0 = Release|x86
		{C5E20D4F-2041-4B17-AF6C-D30BF58906FC}.CD_ROM|Any CPU.ActiveCfg = Release|x86
		{C5E20D4F-2041-4B17-AF6C-D30BF58906FC}.CD_ROM|Mixed Platforms.ActiveCfg = Release|x86
		{C5E20D4F-2041-4B17-AF6C-D30BF58906FC}.CD_ROM|Mixed Platforms.Build.0 = Release|x86
		{C5E20D4F-2041-4B17-AF6C-D30BF58906FC}.CD_ROM|x86.ActiveCfg = Release|x86
		{C5E20D4F-2041-4B17-AF6C-D30BF58906FC}.CD_ROM|x86.Build.0 = Release|x86
		{C5E20D4F-2041-4B17-AF6C-D30BF58906FC}.Debug|Any CPU.ActiveCfg = Debug|x86
		{C5E20D4F-2041-4B17-AF6C-D30BF58906FC}.Debug|Mixed Platforms.ActiveCfg = Debug|x86
		{C5E20D4F-2041-4B17-AF6C-D30BF58906FC}.Debug|Mixed Platforms.Build.0 = Debug|x86
		{C5E20D4F-2041-4B17-AF6C-D30BF58906FC}.Debug|x86.ActiveCfg = Debug|x86
		{C5E20D4F-2041-4B17-AF6C-D30BF58906FC}.Debug|x86.Build.0 = Debug|x86
		{C5E20D4F-2041-4B17-AF6C-D30BF58906FC}.DVD-5|Any CPU.ActiveCfg = Debug|x86
		{C5E20D4F-2041-4B17-AF6C-D30BF58906FC}.DVD-5|Mixed Platforms.ActiveCfg = Debug|x86
		{C5E20D4F-2041-4B17-AF6C-D30BF58906FC}.DVD-5|Mixed Platforms.Build.0 = Debug|x86
		{C5E20D4F-2041-4B17-AF6C-D30BF58906FC}.DVD-5|x86.ActiveCfg = Debug|x86
		{C5E20D4F-2041-4B17-AF6C-D30BF58906FC}.DVD-5|x86.Build.0 = Debug|x86
		{C5E20D4F-2041-4B17-AF6C-D30BF58906FC}.Release|Any CPU.ActiveCfg = Release|x86
		{C5E20D4F-2041-4B17-AF6C-D30BF58906FC}.Release|Mixed Platforms.ActiveCfg = Release|x86
		{C5E20D4F-2041-4B17-AF6C-D30BF58906FC}.Release|Mixed Platforms.Build.0 = Release|x86
		{C5E20D4F-2041-4B17-AF6C-D30BF58906FC}.Release|x86.ActiveCfg = Release|x86
		{C5E20D4F-2041-4B17-AF6C-D30BF58906FC}.Release|x86.Build.0 = Release|x86
		{C5E20D4F-2041-4B17-AF6C-D30BF58906FC}.SingleImage|Any CPU.ActiveCfg = Release|x86
		{C5E20D4F-2041-4B17-AF6C-D30BF58906FC}.SingleImage|Mixed Platforms.ActiveCfg = Release|x86
		{C5E20D4F-2041-4B17-AF6C-D30BF58906FC}.SingleImage|Mixed Platforms.Build.0 = Release|x86
		{C5E20D4F-2041-4B17-AF6C-D30BF58906FC}.SingleImage|x86.ActiveCfg = Release|x86
		{C5E20D4F-2041-4B17-AF6C-D30BF58906FC}.SingleImage|x86.Build.0 = Release|x86
		{FE01ACC1-CE92-44BC-BAF9-04799748362C}.CD_ROM|Any CPU.ActiveCfg = Release|x86
		{FE01ACC1-CE92-44BC-BAF9-04799748362C}.CD_ROM|Mixed Platforms.ActiveCfg = Release|x86
		{FE01ACC1-CE92-44BC-BAF9-04799748362C}.CD_ROM|Mixed Platforms.Build.0 = Release|x86
		{FE01ACC1-CE92-44BC-BAF9-04799748362C}.CD_ROM|x86.ActiveCfg = Release|x86
		{FE01ACC1-CE92-44BC-BAF9-04799748362C}.CD_ROM|x86.Build.0 = Release|x86
		{FE01ACC1-CE92-44BC-BAF9-04799748362C}.Debug|Any CPU.ActiveCfg = Debug|x86
		{FE01ACC1-CE92-44BC-BAF9-04799748362C}.Debug|Mixed Platforms.ActiveCfg = Debug|x86
		{FE01ACC1-CE92-44BC-BAF9-04799748362C}.Debug|Mixed Platforms.Build.0 = Debug|x86
		{FE01ACC1-CE92-44BC-BAF9-04799748362C}.Debug|x86.ActiveCfg = Debug|x86
		{FE01ACC1-CE92-44BC-BAF9-04799748362C}.Debug|x86.Build.0 = Debug|x86
		{FE01ACC1-CE92-44BC-BAF9-04799748362C}.DVD-5|Any CPU.ActiveCfg = Debug|x86
		{FE01ACC1-CE92-44BC-BAF9-04799748362C}.DVD-5|Mixed Platforms.ActiveCfg = Debug|x86
		{FE01ACC1-CE92-44BC-BAF9-04799748362C}.DVD-5|Mixed Platforms.Build.0 = Debug|x86
		{FE01ACC1-CE92-44BC-BAF9-04799748362C}.DVD-5|x86.ActiveCfg = Debug|x86
		{FE01ACC1-CE92-44BC-BAF9-04799748362C}.DVD-5|x86.Build.0 = Debug|x86
		{FE01ACC1-CE92-44BC-BAF9-04799748362C}.Release|Any CPU.ActiveCfg = Release|x86
		{FE01ACC1-CE92-44BC-BAF9-04799748362C}.Release|Mixed Platforms.ActiveCfg = Release|x86
		{FE01ACC1-CE92-44BC-BAF9-04799748362C}.Release|Mixed Platforms.Build.0 = Release|x86
		{FE01ACC1-CE92-44BC-BAF9-04799748362C}.Release|x86.ActiveCfg = Release|x86
		{FE01ACC1-CE92-44BC-BAF9-04799748362C}.Release|x86.Build.0 = Release|x86
		{FE01ACC1-CE92-44BC-BAF9-04799748362C}.SingleImage|Any CPU.ActiveCfg = Release|x86
		{FE01ACC1-CE92-44BC-BAF9-04799748362C}.SingleImage|Mixed Platforms.ActiveCfg = Release|x86
		{FE01ACC1-CE92-44BC-BAF9-04799748362C}.SingleImage|Mixed Platforms.Build.0 = Release|x86
		{FE01ACC1-CE92-44BC-BAF9-04799748362C}.SingleImage|x86.ActiveCfg = Release|x86
		{FE01ACC1-CE92-44BC-BAF9-04799748362C}.SingleImage|x86.Build.0 = Release|x86
		{79AB05A8-CD4F-4532-850F-CED511FAA33D}.CD_ROM|Any CPU.ActiveCfg = CD_ROM
		{79AB05A8-CD4F-4532-850F-CED511FAA33D}.CD_ROM|Any CPU.Build.0 = CD_ROM
		{79AB05A8-CD4F-4532-850F-CED511FAA33D}.CD_ROM|Mixed Platforms.ActiveCfg = CD_ROM
		{79AB05A8-CD4F-4532-850F-CED511FAA33D}.CD_ROM|Mixed Platforms.Build.0 = CD_ROM
		{79AB05A8-CD4F-4532-850F-CED511FAA33D}.CD_ROM|x86.ActiveCfg = CD_ROM
		{79AB05A8-CD4F-4532-850F-CED511FAA33D}.CD_ROM|x86.Build.0 = CD_ROM
		{79AB05A8-CD4F-4532-850F-CED511FAA33D}.Debug|Any CPU.ActiveCfg = DVD-5
		{79AB05A8-CD4F-4532-850F-CED511FAA33D}.Debug|Any CPU.Build.0 = DVD-5
		{79AB05A8-CD4F-4532-850F-CED511FAA33D}.Debug|Mixed Platforms.ActiveCfg = DVD-5
		{79AB05A8-CD4F-4532-850F-CED511FAA33D}.Debug|Mixed Platforms.Build.0 = DVD-5
		{79AB05A8-CD4F-4532-850F-CED511FAA33D}.Debug|x86.ActiveCfg = SingleImage
		{79AB05A8-CD4F-4532-850F-CED511FAA33D}.Debug|x86.Build.0 = SingleImage
		{79AB05A8-CD4F-4532-850F-CED511FAA33D}.DVD-5|Any CPU.ActiveCfg = DVD-5
		{79AB05A8-CD4F-4532-850F-CED511FAA33D}.DVD-5|Any CPU.Build.0 = DVD-5
		{79AB05A8-CD4F-4532-850F-CED511FAA33D}.DVD-5|Mixed Platforms.ActiveCfg = DVD-5
		{79AB05A8-CD4F-4532-850F-CED511FAA33D}.DVD-5|Mixed Platforms.Build.0 = DVD-5
		{79AB05A8-CD4F-4532-850F-CED511FAA33D}.DVD-5|x86.ActiveCfg = DVD-5
		{79AB05A8-CD4F-4532-850F-CED511FAA33D}.DVD-5|x86.Build.0 = DVD-5
		{79AB05A8-CD4F-4532-850F-CED511FAA33D}.Release|Any CPU.ActiveCfg = SingleImage
		{79AB05A8-CD4F-4532-850F-CED511FAA33D}.Release|Any CPU.Build.0 = SingleImage
		{79AB05A8-CD4F-4532-850F-CED511FAA33D}.Release|Mixed Platforms.ActiveCfg = SingleImage
		{79AB05A8-CD4F-4532-850F-CED511FAA33D}.Release|Mixed Platforms.Build.0 = SingleImage
		{79AB05A8-CD4F-4532-850F-CED511FAA33D}.Release|x86.ActiveCfg = SingleImage
		{79AB05A8-CD4F-4532-850F-CED511FAA33D}.Release|x86.Build.0 = SingleImage
		{79AB05A8-CD4F-4532-850F-CED511FAA33D}.SingleImage|Any CPU.ActiveCfg = SingleImage
		{79AB05A8-CD4F-4532-850F-CED511FAA33D}.SingleImage|Any CPU.Build.0 = SingleImage
		{79AB05A8-CD4F-4532-850F-CED511FAA33D}.SingleImage|Mixed Platforms.ActiveCfg = SingleImage
		{79AB05A8-CD4F-4532-850F-CED511FAA33D}.SingleImage|Mixed Platforms.Build.0 = SingleImage
		{79AB05A8-CD4F-4532-850F-CED511FAA33D}.SingleImage|x86.ActiveCfg = SingleImage
		{79AB05A8-CD4F-4532-850F-CED511FAA33D}.SingleImage|x86.Build.0 = SingleImage
	EndGlobalSection
	GlobalSection(SolutionProperties) = preSolution
		HideSolutionNode = FALSE
	EndGlobalSection
	GlobalSection(NestedProjects) = preSolution
		{09131C94-6C26-4813-9373-F56094F933C0} = {5354D55E-97FA-4A1E-A9CC-F569C5121ADA}
		{3F5A4C77-F9E3-4537-B2D5-02AF7D98E449} = {5354D55E-97FA-4A1E-A9CC-F569C5121ADA}
		{511BA7F5-8421-4E58-B918-8BB3C3B9C0AD} = {5354D55E-97FA-4A1E-A9CC-F569C5121ADA}
		{FE01ACC1-CE92-44BC-BAF9-04799748362C} = {09131C94-6C26-4813-9373-F56094F933C0}
		{C5E20D4F-2041-4B17-AF6C-D30BF58906FC} = {09131C94-6C26-4813-9373-F56094F933C0}
		{79AB05A8-CD4F-4532-850F-CED511FAA33D} = {07C7DC9A-3641-4DF1-BD26-9C0A24BD1F5F}
	EndGlobalSection
	GlobalSection(ExtensibilityGlobals) = postSolution
		BuildVersion_IncrementBeforeBuild = False
		BuildVersion_BuildVersioningStyle = None.None.Increment.TimeStamp
	EndGlobalSection
EndGlobal
