
Microsoft Visual Studio Solution File, Format Version 12.00
# Visual Studio 2012
Project("{FAE04EC0-301F-11D3-BF4B-00C04F79EFBC}") = "SA_Resources", "SA_Resources\SA_Resources.csproj", "{CBB53399-CC71-4AE3-87EE-D87DEAF0AD0D}"
	ProjectSection(ProjectDependencies) = postProject
		{89275D49-579A-4339-81BE-5692C8CAD313} = {89275D49-579A-4339-81BE-5692C8CAD313}
	EndProjectSection
EndProject
Project("{FAE04EC0-301F-11D3-BF4B-00C04F79EFBC}") = "Stewart Audio Control Center", "Stewart Audio Control Center\Stewart Audio Control Center.csproj", "{ACCA21E1-0214-41E9-9361-38F15A0E670E}"
EndProject
Project("{2150E333-8FDC-42A3-9474-1A3956D46DE8}") = "Devices", "Devices", "{5354D55E-97FA-4A1E-A9CC-F569C5121ADA}"
EndProject
Project("{2150E333-8FDC-42A3-9474-1A3956D46DE8}") = "Installers", "Installers", "{07C7DC9A-3641-4DF1-BD26-9C0A24BD1F5F}"
EndProject
Project("{FAE04EC0-301F-11D3-BF4B-00C04F79EFBC}") = "DSP 4x4", "Devices\DSP 4x4\DSP 4x4.csproj", "{FE01ACC1-CE92-44BC-BAF9-04799748362C}"
	ProjectSection(ProjectDependencies) = postProject
		{89275D49-579A-4339-81BE-5692C8CAD313} = {89275D49-579A-4339-81BE-5692C8CAD313}
	EndProjectSection
EndProject
Project("{2150E333-8FDC-42A3-9474-1A3956D46DE8}") = "FLX Family", "FLX Family", "{3F5A4C77-F9E3-4537-B2D5-02AF7D98E449}"
EndProject
Project("{2150E333-8FDC-42A3-9474-1A3956D46DE8}") = "DSP100 Family", "DSP100 Family", "{511BA7F5-8421-4E58-B918-8BB3C3B9C0AD}"
EndProject
Project("{2150E333-8FDC-42A3-9474-1A3956D46DE8}") = "Standalone", "Standalone", "{09131C94-6C26-4813-9373-F56094F933C0}"
EndProject
Project("{6141683F-8A12-4E36-9623-2EB02B2C2303}") = "Setup", "Setup\Setup.isproj", "{79AB05A8-CD4F-4532-850F-CED511FAA33D}"
	ProjectSection(ProjectDependencies) = postProject
		{89275D49-579A-4339-81BE-5692C8CAD313} = {89275D49-579A-4339-81BE-5692C8CAD313}
		{CBB53399-CC71-4AE3-87EE-D87DEAF0AD0D} = {CBB53399-CC71-4AE3-87EE-D87DEAF0AD0D}
		{ACCA21E1-0214-41E9-9361-38F15A0E670E} = {ACCA21E1-0214-41E9-9361-38F15A0E670E}
	EndProjectSection
EndProject
Project("{FAE04EC0-301F-11D3-BF4B-00C04F79EFBC}") = "SetupLauncher", "Setup\SetupLauncher\SetupLauncher\SetupLauncher.csproj", "{22BAB393-39B7-41E3-8EA1-43B4175D33EB}"
EndProject
Project("{FAE04EC0-301F-11D3-BF4B-00C04F79EFBC}") = "FLX80-4-Analog", "Devices\FLX 80-4\FLX80-4-Analog.csproj", "{125D96C1-848F-42BE-94F5-A5611F45B961}"
	ProjectSection(ProjectDependencies) = postProject
		{89275D49-579A-4339-81BE-5692C8CAD313} = {89275D49-579A-4339-81BE-5692C8CAD313}
	EndProjectSection
EndProject
Project("{FAE04EC0-301F-11D3-BF4B-00C04F79EFBC}") = "FLX160-2-Analog", "Devices\FLX 160-2\FLX160-2-Analog.csproj", "{DD8F7A3D-4F40-4927-8BEE-EBA6230BC51A}"
	ProjectSection(ProjectDependencies) = postProject
		{89275D49-579A-4339-81BE-5692C8CAD313} = {89275D49-579A-4339-81BE-5692C8CAD313}
	EndProjectSection
EndProject
Project("{FAE04EC0-301F-11D3-BF4B-00C04F79EFBC}") = "FLX80-4-CV-Analog", "Devices\FLX 80-4-CV\FLX80-4-CV-Analog.csproj", "{187FF69E-6AE9-4B86-9A73-2C3145EC28A2}"
	ProjectSection(ProjectDependencies) = postProject
		{89275D49-579A-4339-81BE-5692C8CAD313} = {89275D49-579A-4339-81BE-5692C8CAD313}
	EndProjectSection
EndProject
Project("{FAE04EC0-301F-11D3-BF4B-00C04F79EFBC}") = "DSP100-1-Analog", "Devices\DSP100-1\DSP100-1-Analog.csproj", "{33DFB433-FD26-4743-A0B9-81CCA8A0DD2A}"
	ProjectSection(ProjectDependencies) = postProject
		{89275D49-579A-4339-81BE-5692C8CAD313} = {89275D49-579A-4339-81BE-5692C8CAD313}
	EndProjectSection
EndProject
Project("{FAE04EC0-301F-11D3-BF4B-00C04F79EFBC}") = "DSP100-2-Analog", "Devices\DSP100-2\DSP100-2-Analog.csproj", "{D7865C67-C751-4F05-A102-B8F669F9C025}"
	ProjectSection(ProjectDependencies) = postProject
		{89275D49-579A-4339-81BE-5692C8CAD313} = {89275D49-579A-4339-81BE-5692C8CAD313}
	EndProjectSection
EndProject
Project("{FAE04EC0-301F-11D3-BF4B-00C04F79EFBC}") = "FLX320-1-Analog", "Devices\FLX 320-1\FLX320-1-Analog.csproj", "{24FEA20A-ACCF-4DE4-B11D-072E21854A7C}"
	ProjectSection(ProjectDependencies) = postProject
		{89275D49-579A-4339-81BE-5692C8CAD313} = {89275D49-579A-4339-81BE-5692C8CAD313}
	EndProjectSection
EndProject
Project("{FAE04EC0-301F-11D3-BF4B-00C04F79EFBC}") = "FLX160-2-CV-Analog", "Devices\FLX 160-2-CV\FLX160-2-CV-Analog.csproj", "{36596C4B-DB3F-41D6-9A92-FF5F9625F354}"
	ProjectSection(ProjectDependencies) = postProject
		{89275D49-579A-4339-81BE-5692C8CAD313} = {89275D49-579A-4339-81BE-5692C8CAD313}
	EndProjectSection
EndProject
Project("{2150E333-8FDC-42A3-9474-1A3956D46DE8}") = "FLX NET Family", "FLX NET Family", "{5518BC29-2C4C-426D-AC0D-68E1113DC4AC}"
EndProject
Project("{FAE04EC0-301F-11D3-BF4B-00C04F79EFBC}") = "FLX80-4-Network", "Devices\FLX 80-4_NET\FLX80-4-Network.csproj", "{78B22D96-4175-4000-8CA9-C8C0FDDF71C0}"
	ProjectSection(ProjectDependencies) = postProject
		{89275D49-579A-4339-81BE-5692C8CAD313} = {89275D49-579A-4339-81BE-5692C8CAD313}
	EndProjectSection
EndProject
Project("{2150E333-8FDC-42A3-9474-1A3956D46DE8}") = "DSP100 NET Family", "DSP100 NET Family", "{C91ADE65-5BB8-4B63-B13C-3CBA81A81A59}"
EndProject
Project("{FAE04EC0-301F-11D3-BF4B-00C04F79EFBC}") = "DSP100-1-NET", "Devices\DSP100-1_NET\DSP100-1-NET.csproj", "{B54EE06A-33DF-4F1B-A2EB-AB4A83D9D4B6}"
	ProjectSection(ProjectDependencies) = postProject
		{89275D49-579A-4339-81BE-5692C8CAD313} = {89275D49-579A-4339-81BE-5692C8CAD313}
	EndProjectSection
EndProject
Project("{FAE04EC0-301F-11D3-BF4B-00C04F79EFBC}") = "DSP100-2-NET", "Devices\DSP100-2_NET\DSP100-2-NET.csproj", "{9A86F4EC-4207-4071-8E29-5D7FEFC44EA2}"
	ProjectSection(ProjectDependencies) = postProject
		{89275D49-579A-4339-81BE-5692C8CAD313} = {89275D49-579A-4339-81BE-5692C8CAD313}
	EndProjectSection
EndProject
Project("{FAE04EC0-301F-11D3-BF4B-00C04F79EFBC}") = "FLX80-4-CV-Network", "Devices\FLX 80-4-CV_NET\FLX80-4-CV-Network.csproj", "{88E9D88E-0D32-45F5-B774-0128B9370722}"
	ProjectSection(ProjectDependencies) = postProject
		{89275D49-579A-4339-81BE-5692C8CAD313} = {89275D49-579A-4339-81BE-5692C8CAD313}
	EndProjectSection
EndProject
Project("{FAE04EC0-301F-11D3-BF4B-00C04F79EFBC}") = "FLX160-2-CV-Network", "Devices\FLX 160-2-CV_NET\FLX160-2-CV-Network.csproj", "{5CFA9DC0-C3CD-4BC7-8F8D-6C27F8E56C18}"
	ProjectSection(ProjectDependencies) = postProject
		{89275D49-579A-4339-81BE-5692C8CAD313} = {89275D49-579A-4339-81BE-5692C8CAD313}
	EndProjectSection
EndProject
Project("{FAE04EC0-301F-11D3-BF4B-00C04F79EFBC}") = "FLX160-2-Network", "Devices\FLX 160-2-NET\FLX160-2-Network.csproj", "{402D6798-D7AF-437C-9E3B-E76B13499B1D}"
	ProjectSection(ProjectDependencies) = postProject
		{89275D49-579A-4339-81BE-5692C8CAD313} = {89275D49-579A-4339-81BE-5692C8CAD313}
	EndProjectSection
EndProject
Project("{FAE04EC0-301F-11D3-BF4B-00C04F79EFBC}") = "FLX320-1-CV-Network", "Devices\FLX 320-1-CV_NET\FLX320-1-CV-Network.csproj", "{6AE134AA-2399-48A8-B220-573195622F70}"
EndProject
Project("{2150E333-8FDC-42A3-9474-1A3956D46DE8}") = "Solution Items", "Solution Items", "{3044FA99-954E-4F9D-A773-573BF41B929C}"
	ProjectSection(SolutionItems) = preProject
		SharedAssemblyInfo.cs = SharedAssemblyInfo.cs
	EndProjectSection
EndProject
Project("{FAE04EC0-301F-11D3-BF4B-00C04F79EFBC}") = "SA_GFXLib", "SA_GFXLib\SA_GFXLib.csproj", "{89275D49-579A-4339-81BE-5692C8CAD313}"
EndProject
Project("{FAE04EC0-301F-11D3-BF4B-00C04F79EFBC}") = "DSP100-2-LZ-Analog", "Devices\DSP100-2-LZ\DSP100-2-LZ-Analog.csproj", "{D5D39EAB-D105-4DB2-9C6C-03746529C333}"
EndProject
Project("{FAE04EC0-301F-11D3-BF4B-00C04F79EFBC}") = "DSP100-2-LZ_NET", "Devices\DSP100-2-LZ_NET\DSP100-2-LZ_NET.csproj", "{72454067-D41E-4A47-A1A6-07B6FCFA343F}"
EndProject
Global
	GlobalSection(SolutionConfigurationPlatforms) = preSolution
		CD_ROM|Any CPU = CD_ROM|Any CPU
		CD_ROM|Mixed Platforms = CD_ROM|Mixed Platforms
		CD_ROM|x86 = CD_ROM|x86
		Debug|Any CPU = Debug|Any CPU
		Debug|Mixed Platforms = Debug|Mixed Platforms
		Debug|x86 = Debug|x86
		DVD-5|Any CPU = DVD-5|Any CPU
		DVD-5|Mixed Platforms = DVD-5|Mixed Platforms
		DVD-5|x86 = DVD-5|x86
		Release|Any CPU = Release|Any CPU
		Release|Mixed Platforms = Release|Mixed Platforms
		Release|x86 = Release|x86
		SingleImage|Any CPU = SingleImage|Any CPU
		SingleImage|Mixed Platforms = SingleImage|Mixed Platforms
		SingleImage|x86 = SingleImage|x86
		Standalone|Any CPU = Standalone|Any CPU
		Standalone|Mixed Platforms = Standalone|Mixed Platforms
		Standalone|x86 = Standalone|x86
	EndGlobalSection
	GlobalSection(ProjectConfigurationPlatforms) = postSolution
		{CBB53399-CC71-4AE3-87EE-D87DEAF0AD0D}.CD_ROM|Any CPU.ActiveCfg = Release|Any CPU
		{CBB53399-CC71-4AE3-87EE-D87DEAF0AD0D}.CD_ROM|Any CPU.Build.0 = Release|Any CPU
		{CBB53399-CC71-4AE3-87EE-D87DEAF0AD0D}.CD_ROM|Mixed Platforms.ActiveCfg = Release|Any CPU
		{CBB53399-CC71-4AE3-87EE-D87DEAF0AD0D}.CD_ROM|Mixed Platforms.Build.0 = Release|Any CPU
		{CBB53399-CC71-4AE3-87EE-D87DEAF0AD0D}.CD_ROM|x86.ActiveCfg = Release|Any CPU
		{CBB53399-CC71-4AE3-87EE-D87DEAF0AD0D}.Debug|Any CPU.ActiveCfg = Debug|Any CPU
		{CBB53399-CC71-4AE3-87EE-D87DEAF0AD0D}.Debug|Any CPU.Build.0 = Debug|Any CPU
		{CBB53399-CC71-4AE3-87EE-D87DEAF0AD0D}.Debug|Mixed Platforms.ActiveCfg = Debug|Any CPU
		{CBB53399-CC71-4AE3-87EE-D87DEAF0AD0D}.Debug|Mixed Platforms.Build.0 = Debug|Any CPU
		{CBB53399-CC71-4AE3-87EE-D87DEAF0AD0D}.Debug|x86.ActiveCfg = Debug|Any CPU
		{CBB53399-CC71-4AE3-87EE-D87DEAF0AD0D}.Debug|x86.Build.0 = Debug|Any CPU
		{CBB53399-CC71-4AE3-87EE-D87DEAF0AD0D}.DVD-5|Any CPU.ActiveCfg = Debug|Any CPU
		{CBB53399-CC71-4AE3-87EE-D87DEAF0AD0D}.DVD-5|Any CPU.Build.0 = Debug|Any CPU
		{CBB53399-CC71-4AE3-87EE-D87DEAF0AD0D}.DVD-5|Mixed Platforms.ActiveCfg = Debug|Any CPU
		{CBB53399-CC71-4AE3-87EE-D87DEAF0AD0D}.DVD-5|Mixed Platforms.Build.0 = Debug|Any CPU
		{CBB53399-CC71-4AE3-87EE-D87DEAF0AD0D}.DVD-5|x86.ActiveCfg = Debug|Any CPU
		{CBB53399-CC71-4AE3-87EE-D87DEAF0AD0D}.Release|Any CPU.ActiveCfg = Release|Any CPU
		{CBB53399-CC71-4AE3-87EE-D87DEAF0AD0D}.Release|Any CPU.Build.0 = Release|Any CPU
		{CBB53399-CC71-4AE3-87EE-D87DEAF0AD0D}.Release|Mixed Platforms.ActiveCfg = Release|Any CPU
		{CBB53399-CC71-4AE3-87EE-D87DEAF0AD0D}.Release|Mixed Platforms.Build.0 = Release|Any CPU
		{CBB53399-CC71-4AE3-87EE-D87DEAF0AD0D}.Release|x86.ActiveCfg = Release|Any CPU
		{CBB53399-CC71-4AE3-87EE-D87DEAF0AD0D}.Release|x86.Build.0 = Release|Any CPU
		{CBB53399-CC71-4AE3-87EE-D87DEAF0AD0D}.SingleImage|Any CPU.ActiveCfg = Release|Any CPU
		{CBB53399-CC71-4AE3-87EE-D87DEAF0AD0D}.SingleImage|Any CPU.Build.0 = Release|Any CPU
		{CBB53399-CC71-4AE3-87EE-D87DEAF0AD0D}.SingleImage|Mixed Platforms.ActiveCfg = Release|Any CPU
		{CBB53399-CC71-4AE3-87EE-D87DEAF0AD0D}.SingleImage|Mixed Platforms.Build.0 = Release|Any CPU
		{CBB53399-CC71-4AE3-87EE-D87DEAF0AD0D}.SingleImage|x86.ActiveCfg = Release|Any CPU
		{CBB53399-CC71-4AE3-87EE-D87DEAF0AD0D}.Standalone|Any CPU.ActiveCfg = Standalone|Any CPU
		{CBB53399-CC71-4AE3-87EE-D87DEAF0AD0D}.Standalone|Any CPU.Build.0 = Standalone|Any CPU
		{CBB53399-CC71-4AE3-87EE-D87DEAF0AD0D}.Standalone|Mixed Platforms.ActiveCfg = Standalone|Any CPU
		{CBB53399-CC71-4AE3-87EE-D87DEAF0AD0D}.Standalone|Mixed Platforms.Build.0 = Standalone|Any CPU
		{CBB53399-CC71-4AE3-87EE-D87DEAF0AD0D}.Standalone|x86.ActiveCfg = Standalone|Any CPU
		{CBB53399-CC71-4AE3-87EE-D87DEAF0AD0D}.Standalone|x86.Build.0 = Standalone|Any CPU
		{ACCA21E1-0214-41E9-9361-38F15A0E670E}.CD_ROM|Any CPU.ActiveCfg = Release|x86
		{ACCA21E1-0214-41E9-9361-38F15A0E670E}.CD_ROM|Mixed Platforms.ActiveCfg = Release|x86
		{ACCA21E1-0214-41E9-9361-38F15A0E670E}.CD_ROM|Mixed Platforms.Build.0 = Release|x86
		{ACCA21E1-0214-41E9-9361-38F15A0E670E}.CD_ROM|x86.ActiveCfg = Release|x86
		{ACCA21E1-0214-41E9-9361-38F15A0E670E}.CD_ROM|x86.Build.0 = Release|x86
		{ACCA21E1-0214-41E9-9361-38F15A0E670E}.Debug|Any CPU.ActiveCfg = Debug|x86
		{ACCA21E1-0214-41E9-9361-38F15A0E670E}.Debug|Mixed Platforms.ActiveCfg = Debug|x86
		{ACCA21E1-0214-41E9-9361-38F15A0E670E}.Debug|Mixed Platforms.Build.0 = Debug|x86
		{ACCA21E1-0214-41E9-9361-38F15A0E670E}.Debug|x86.ActiveCfg = Debug|x86
		{ACCA21E1-0214-41E9-9361-38F15A0E670E}.Debug|x86.Build.0 = Debug|x86
		{ACCA21E1-0214-41E9-9361-38F15A0E670E}.DVD-5|Any CPU.ActiveCfg = Debug|x86
		{ACCA21E1-0214-41E9-9361-38F15A0E670E}.DVD-5|Mixed Platforms.ActiveCfg = Debug|x86
		{ACCA21E1-0214-41E9-9361-38F15A0E670E}.DVD-5|Mixed Platforms.Build.0 = Debug|x86
		{ACCA21E1-0214-41E9-9361-38F15A0E670E}.DVD-5|x86.ActiveCfg = Debug|x86
		{ACCA21E1-0214-41E9-9361-38F15A0E670E}.DVD-5|x86.Build.0 = Debug|x86
		{ACCA21E1-0214-41E9-9361-38F15A0E670E}.Release|Any CPU.ActiveCfg = Release|x86
		{ACCA21E1-0214-41E9-9361-38F15A0E670E}.Release|Mixed Platforms.ActiveCfg = Release|x86
		{ACCA21E1-0214-41E9-9361-38F15A0E670E}.Release|Mixed Platforms.Build.0 = Release|x86
		{ACCA21E1-0214-41E9-9361-38F15A0E670E}.Release|x86.ActiveCfg = Release|x86
		{ACCA21E1-0214-41E9-9361-38F15A0E670E}.Release|x86.Build.0 = Release|x86
		{ACCA21E1-0214-41E9-9361-38F15A0E670E}.SingleImage|Any CPU.ActiveCfg = Release|x86
		{ACCA21E1-0214-41E9-9361-38F15A0E670E}.SingleImage|Mixed Platforms.ActiveCfg = Release|x86
		{ACCA21E1-0214-41E9-9361-38F15A0E670E}.SingleImage|Mixed Platforms.Build.0 = Release|x86
		{ACCA21E1-0214-41E9-9361-38F15A0E670E}.SingleImage|x86.ActiveCfg = Release|x86
		{ACCA21E1-0214-41E9-9361-38F15A0E670E}.Standalone|Any CPU.ActiveCfg = Standalone|x86
		{ACCA21E1-0214-41E9-9361-38F15A0E670E}.Standalone|Mixed Platforms.ActiveCfg = Standalone|x86
		{ACCA21E1-0214-41E9-9361-38F15A0E670E}.Standalone|Mixed Platforms.Build.0 = Standalone|x86
		{ACCA21E1-0214-41E9-9361-38F15A0E670E}.Standalone|x86.ActiveCfg = Standalone|x86
		{ACCA21E1-0214-41E9-9361-38F15A0E670E}.Standalone|x86.Build.0 = Standalone|x86
		{FE01ACC1-CE92-44BC-BAF9-04799748362C}.CD_ROM|Any CPU.ActiveCfg = Release|x86
		{FE01ACC1-CE92-44BC-BAF9-04799748362C}.CD_ROM|Mixed Platforms.ActiveCfg = Release|x86
		{FE01ACC1-CE92-44BC-BAF9-04799748362C}.CD_ROM|Mixed Platforms.Build.0 = Release|x86
		{FE01ACC1-CE92-44BC-BAF9-04799748362C}.CD_ROM|x86.ActiveCfg = Release|x86
		{FE01ACC1-CE92-44BC-BAF9-04799748362C}.CD_ROM|x86.Build.0 = Release|x86
		{FE01ACC1-CE92-44BC-BAF9-04799748362C}.Debug|Any CPU.ActiveCfg = Debug|x86
		{FE01ACC1-CE92-44BC-BAF9-04799748362C}.Debug|Mixed Platforms.ActiveCfg = Debug|x86
		{FE01ACC1-CE92-44BC-BAF9-04799748362C}.Debug|Mixed Platforms.Build.0 = Debug|x86
		{FE01ACC1-CE92-44BC-BAF9-04799748362C}.Debug|x86.ActiveCfg = Debug|x86
		{FE01ACC1-CE92-44BC-BAF9-04799748362C}.Debug|x86.Build.0 = Debug|x86
		{FE01ACC1-CE92-44BC-BAF9-04799748362C}.DVD-5|Any CPU.ActiveCfg = Debug|x86
		{FE01ACC1-CE92-44BC-BAF9-04799748362C}.DVD-5|Mixed Platforms.ActiveCfg = Debug|x86
		{FE01ACC1-CE92-44BC-BAF9-04799748362C}.DVD-5|Mixed Platforms.Build.0 = Debug|x86
		{FE01ACC1-CE92-44BC-BAF9-04799748362C}.DVD-5|x86.ActiveCfg = Debug|x86
		{FE01ACC1-CE92-44BC-BAF9-04799748362C}.DVD-5|x86.Build.0 = Debug|x86
		{FE01ACC1-CE92-44BC-BAF9-04799748362C}.Release|Any CPU.ActiveCfg = Release|x86
		{FE01ACC1-CE92-44BC-BAF9-04799748362C}.Release|Mixed Platforms.ActiveCfg = Release|x86
		{FE01ACC1-CE92-44BC-BAF9-04799748362C}.Release|Mixed Platforms.Build.0 = Release|x86
		{FE01ACC1-CE92-44BC-BAF9-04799748362C}.Release|x86.ActiveCfg = Release|x86
		{FE01ACC1-CE92-44BC-BAF9-04799748362C}.Release|x86.Build.0 = Release|x86
		{FE01ACC1-CE92-44BC-BAF9-04799748362C}.SingleImage|Any CPU.ActiveCfg = Release|x86
		{FE01ACC1-CE92-44BC-BAF9-04799748362C}.SingleImage|Mixed Platforms.ActiveCfg = Release|x86
		{FE01ACC1-CE92-44BC-BAF9-04799748362C}.SingleImage|Mixed Platforms.Build.0 = Release|x86
		{FE01ACC1-CE92-44BC-BAF9-04799748362C}.SingleImage|x86.ActiveCfg = Release|x86
		{FE01ACC1-CE92-44BC-BAF9-04799748362C}.Standalone|Any CPU.ActiveCfg = Standalone|x86
		{FE01ACC1-CE92-44BC-BAF9-04799748362C}.Standalone|Mixed Platforms.ActiveCfg = Standalone|x86
		{FE01ACC1-CE92-44BC-BAF9-04799748362C}.Standalone|Mixed Platforms.Build.0 = Standalone|x86
		{FE01ACC1-CE92-44BC-BAF9-04799748362C}.Standalone|x86.ActiveCfg = Release|x86
		{FE01ACC1-CE92-44BC-BAF9-04799748362C}.Standalone|x86.Build.0 = Release|x86
		{79AB05A8-CD4F-4532-850F-CED511FAA33D}.CD_ROM|Any CPU.ActiveCfg = CD_ROM
		{79AB05A8-CD4F-4532-850F-CED511FAA33D}.CD_ROM|Any CPU.Build.0 = CD_ROM
		{79AB05A8-CD4F-4532-850F-CED511FAA33D}.CD_ROM|Mixed Platforms.ActiveCfg = CD_ROM
		{79AB05A8-CD4F-4532-850F-CED511FAA33D}.CD_ROM|Mixed Platforms.Build.0 = CD_ROM
		{79AB05A8-CD4F-4532-850F-CED511FAA33D}.CD_ROM|x86.ActiveCfg = CD_ROM
		{79AB05A8-CD4F-4532-850F-CED511FAA33D}.CD_ROM|x86.Build.0 = CD_ROM
		{79AB05A8-CD4F-4532-850F-CED511FAA33D}.Debug|Any CPU.ActiveCfg = DVD-5
		{79AB05A8-CD4F-4532-850F-CED511FAA33D}.Debug|Any CPU.Build.0 = DVD-5
		{79AB05A8-CD4F-4532-850F-CED511FAA33D}.Debug|Mixed Platforms.ActiveCfg = DVD-5
		{79AB05A8-CD4F-4532-850F-CED511FAA33D}.Debug|x86.ActiveCfg = SingleImage
		{79AB05A8-CD4F-4532-850F-CED511FAA33D}.DVD-5|Any CPU.ActiveCfg = DVD-5
		{79AB05A8-CD4F-4532-850F-CED511FAA33D}.DVD-5|Any CPU.Build.0 = DVD-5
		{79AB05A8-CD4F-4532-850F-CED511FAA33D}.DVD-5|Mixed Platforms.ActiveCfg = DVD-5
		{79AB05A8-CD4F-4532-850F-CED511FAA33D}.DVD-5|Mixed Platforms.Build.0 = DVD-5
		{79AB05A8-CD4F-4532-850F-CED511FAA33D}.DVD-5|x86.ActiveCfg = DVD-5
		{79AB05A8-CD4F-4532-850F-CED511FAA33D}.DVD-5|x86.Build.0 = DVD-5
		{79AB05A8-CD4F-4532-850F-CED511FAA33D}.Release|Any CPU.ActiveCfg = SingleImage
		{79AB05A8-CD4F-4532-850F-CED511FAA33D}.Release|Any CPU.Build.0 = SingleImage
		{79AB05A8-CD4F-4532-850F-CED511FAA33D}.Release|Mixed Platforms.ActiveCfg = SingleImage
		{79AB05A8-CD4F-4532-850F-CED511FAA33D}.Release|x86.ActiveCfg = SingleImage
		{79AB05A8-CD4F-4532-850F-CED511FAA33D}.SingleImage|Any CPU.ActiveCfg = SingleImage
		{79AB05A8-CD4F-4532-850F-CED511FAA33D}.SingleImage|Any CPU.Build.0 = SingleImage
		{79AB05A8-CD4F-4532-850F-CED511FAA33D}.SingleImage|Mixed Platforms.ActiveCfg = SingleImage
		{79AB05A8-CD4F-4532-850F-CED511FAA33D}.SingleImage|Mixed Platforms.Build.0 = SingleImage
		{79AB05A8-CD4F-4532-850F-CED511FAA33D}.SingleImage|x86.ActiveCfg = SingleImage
		{79AB05A8-CD4F-4532-850F-CED511FAA33D}.SingleImage|x86.Build.0 = SingleImage
		{79AB05A8-CD4F-4532-850F-CED511FAA33D}.Standalone|Any CPU.ActiveCfg = SingleImage
		{79AB05A8-CD4F-4532-850F-CED511FAA33D}.Standalone|Any CPU.Build.0 = SingleImage
		{79AB05A8-CD4F-4532-850F-CED511FAA33D}.Standalone|Mixed Platforms.ActiveCfg = SingleImage
		{79AB05A8-CD4F-4532-850F-CED511FAA33D}.Standalone|Mixed Platforms.Build.0 = SingleImage
		{79AB05A8-CD4F-4532-850F-CED511FAA33D}.Standalone|x86.ActiveCfg = SingleImage
		{22BAB393-39B7-41E3-8EA1-43B4175D33EB}.CD_ROM|Any CPU.ActiveCfg = Release|Any CPU
		{22BAB393-39B7-41E3-8EA1-43B4175D33EB}.CD_ROM|Any CPU.Build.0 = Release|Any CPU
		{22BAB393-39B7-41E3-8EA1-43B4175D33EB}.CD_ROM|Mixed Platforms.ActiveCfg = Release|Any CPU
		{22BAB393-39B7-41E3-8EA1-43B4175D33EB}.CD_ROM|Mixed Platforms.Build.0 = Release|Any CPU
		{22BAB393-39B7-41E3-8EA1-43B4175D33EB}.CD_ROM|x86.ActiveCfg = Release|Any CPU
		{22BAB393-39B7-41E3-8EA1-43B4175D33EB}.Debug|Any CPU.ActiveCfg = Debug|Any CPU
		{22BAB393-39B7-41E3-8EA1-43B4175D33EB}.Debug|Any CPU.Build.0 = Debug|Any CPU
		{22BAB393-39B7-41E3-8EA1-43B4175D33EB}.Debug|Mixed Platforms.ActiveCfg = Debug|Any CPU
		{22BAB393-39B7-41E3-8EA1-43B4175D33EB}.Debug|x86.ActiveCfg = Debug|Any CPU
		{22BAB393-39B7-41E3-8EA1-43B4175D33EB}.DVD-5|Any CPU.ActiveCfg = Debug|Any CPU
		{22BAB393-39B7-41E3-8EA1-43B4175D33EB}.DVD-5|Any CPU.Build.0 = Debug|Any CPU
		{22BAB393-39B7-41E3-8EA1-43B4175D33EB}.DVD-5|Mixed Platforms.ActiveCfg = Debug|Any CPU
		{22BAB393-39B7-41E3-8EA1-43B4175D33EB}.DVD-5|Mixed Platforms.Build.0 = Debug|Any CPU
		{22BAB393-39B7-41E3-8EA1-43B4175D33EB}.DVD-5|x86.ActiveCfg = Debug|Any CPU
		{22BAB393-39B7-41E3-8EA1-43B4175D33EB}.Release|Any CPU.ActiveCfg = Release|Any CPU
		{22BAB393-39B7-41E3-8EA1-43B4175D33EB}.Release|Any CPU.Build.0 = Release|Any CPU
		{22BAB393-39B7-41E3-8EA1-43B4175D33EB}.Release|Mixed Platforms.ActiveCfg = Release|Any CPU
		{22BAB393-39B7-41E3-8EA1-43B4175D33EB}.Release|x86.ActiveCfg = Release|Any CPU
		{22BAB393-39B7-41E3-8EA1-43B4175D33EB}.SingleImage|Any CPU.ActiveCfg = Release|Any CPU
		{22BAB393-39B7-41E3-8EA1-43B4175D33EB}.SingleImage|Any CPU.Build.0 = Release|Any CPU
		{22BAB393-39B7-41E3-8EA1-43B4175D33EB}.SingleImage|Mixed Platforms.ActiveCfg = Release|Any CPU
		{22BAB393-39B7-41E3-8EA1-43B4175D33EB}.SingleImage|Mixed Platforms.Build.0 = Release|Any CPU
		{22BAB393-39B7-41E3-8EA1-43B4175D33EB}.SingleImage|x86.ActiveCfg = Release|Any CPU
		{22BAB393-39B7-41E3-8EA1-43B4175D33EB}.Standalone|Any CPU.ActiveCfg = Standalone|Any CPU
		{22BAB393-39B7-41E3-8EA1-43B4175D33EB}.Standalone|Mixed Platforms.ActiveCfg = Standalone|Any CPU
		{22BAB393-39B7-41E3-8EA1-43B4175D33EB}.Standalone|Mixed Platforms.Build.0 = Standalone|Any CPU
		{22BAB393-39B7-41E3-8EA1-43B4175D33EB}.Standalone|x86.ActiveCfg = Standalone|Any CPU
		{125D96C1-848F-42BE-94F5-A5611F45B961}.CD_ROM|Any CPU.ActiveCfg = Release|x86
		{125D96C1-848F-42BE-94F5-A5611F45B961}.CD_ROM|Mixed Platforms.ActiveCfg = Release|x86
		{125D96C1-848F-42BE-94F5-A5611F45B961}.CD_ROM|Mixed Platforms.Build.0 = Release|x86
		{125D96C1-848F-42BE-94F5-A5611F45B961}.CD_ROM|x86.ActiveCfg = Release|x86
		{125D96C1-848F-42BE-94F5-A5611F45B961}.CD_ROM|x86.Build.0 = Release|x86
		{125D96C1-848F-42BE-94F5-A5611F45B961}.Debug|Any CPU.ActiveCfg = Debug|x86
		{125D96C1-848F-42BE-94F5-A5611F45B961}.Debug|Mixed Platforms.ActiveCfg = Debug|x86
		{125D96C1-848F-42BE-94F5-A5611F45B961}.Debug|Mixed Platforms.Build.0 = Debug|x86
		{125D96C1-848F-42BE-94F5-A5611F45B961}.Debug|x86.ActiveCfg = Debug|x86
		{125D96C1-848F-42BE-94F5-A5611F45B961}.Debug|x86.Build.0 = Debug|x86
		{125D96C1-848F-42BE-94F5-A5611F45B961}.DVD-5|Any CPU.ActiveCfg = Debug|x86
		{125D96C1-848F-42BE-94F5-A5611F45B961}.DVD-5|Mixed Platforms.ActiveCfg = Debug|x86
		{125D96C1-848F-42BE-94F5-A5611F45B961}.DVD-5|Mixed Platforms.Build.0 = Debug|x86
		{125D96C1-848F-42BE-94F5-A5611F45B961}.DVD-5|x86.ActiveCfg = Debug|x86
		{125D96C1-848F-42BE-94F5-A5611F45B961}.DVD-5|x86.Build.0 = Debug|x86
		{125D96C1-848F-42BE-94F5-A5611F45B961}.Release|Any CPU.ActiveCfg = Release|x86
		{125D96C1-848F-42BE-94F5-A5611F45B961}.Release|Mixed Platforms.ActiveCfg = Release|x86
		{125D96C1-848F-42BE-94F5-A5611F45B961}.Release|Mixed Platforms.Build.0 = Release|x86
		{125D96C1-848F-42BE-94F5-A5611F45B961}.Release|x86.ActiveCfg = Release|x86
		{125D96C1-848F-42BE-94F5-A5611F45B961}.Release|x86.Build.0 = Release|x86
		{125D96C1-848F-42BE-94F5-A5611F45B961}.SingleImage|Any CPU.ActiveCfg = Release|x86
		{125D96C1-848F-42BE-94F5-A5611F45B961}.SingleImage|Mixed Platforms.ActiveCfg = Release|x86
		{125D96C1-848F-42BE-94F5-A5611F45B961}.SingleImage|Mixed Platforms.Build.0 = Release|x86
		{125D96C1-848F-42BE-94F5-A5611F45B961}.SingleImage|x86.ActiveCfg = Release|x86
		{125D96C1-848F-42BE-94F5-A5611F45B961}.Standalone|Any CPU.ActiveCfg = Standalone|x86
		{125D96C1-848F-42BE-94F5-A5611F45B961}.Standalone|Mixed Platforms.ActiveCfg = Standalone|x86
		{125D96C1-848F-42BE-94F5-A5611F45B961}.Standalone|Mixed Platforms.Build.0 = Standalone|x86
		{125D96C1-848F-42BE-94F5-A5611F45B961}.Standalone|x86.ActiveCfg = Release|x86
		{125D96C1-848F-42BE-94F5-A5611F45B961}.Standalone|x86.Build.0 = Release|x86
		{DD8F7A3D-4F40-4927-8BEE-EBA6230BC51A}.CD_ROM|Any CPU.ActiveCfg = Release|x86
		{DD8F7A3D-4F40-4927-8BEE-EBA6230BC51A}.CD_ROM|Mixed Platforms.ActiveCfg = Release|x86
		{DD8F7A3D-4F40-4927-8BEE-EBA6230BC51A}.CD_ROM|Mixed Platforms.Build.0 = Release|x86
		{DD8F7A3D-4F40-4927-8BEE-EBA6230BC51A}.CD_ROM|x86.ActiveCfg = Release|x86
		{DD8F7A3D-4F40-4927-8BEE-EBA6230BC51A}.CD_ROM|x86.Build.0 = Release|x86
		{DD8F7A3D-4F40-4927-8BEE-EBA6230BC51A}.Debug|Any CPU.ActiveCfg = Debug|x86
		{DD8F7A3D-4F40-4927-8BEE-EBA6230BC51A}.Debug|Mixed Platforms.ActiveCfg = Debug|x86
		{DD8F7A3D-4F40-4927-8BEE-EBA6230BC51A}.Debug|Mixed Platforms.Build.0 = Debug|x86
		{DD8F7A3D-4F40-4927-8BEE-EBA6230BC51A}.Debug|x86.ActiveCfg = Debug|x86
		{DD8F7A3D-4F40-4927-8BEE-EBA6230BC51A}.Debug|x86.Build.0 = Debug|x86
		{DD8F7A3D-4F40-4927-8BEE-EBA6230BC51A}.DVD-5|Any CPU.ActiveCfg = Debug|x86
		{DD8F7A3D-4F40-4927-8BEE-EBA6230BC51A}.DVD-5|Mixed Platforms.ActiveCfg = Debug|x86
		{DD8F7A3D-4F40-4927-8BEE-EBA6230BC51A}.DVD-5|Mixed Platforms.Build.0 = Debug|x86
		{DD8F7A3D-4F40-4927-8BEE-EBA6230BC51A}.DVD-5|x86.ActiveCfg = Debug|x86
		{DD8F7A3D-4F40-4927-8BEE-EBA6230BC51A}.DVD-5|x86.Build.0 = Debug|x86
		{DD8F7A3D-4F40-4927-8BEE-EBA6230BC51A}.Release|Any CPU.ActiveCfg = Release|x86
		{DD8F7A3D-4F40-4927-8BEE-EBA6230BC51A}.Release|Mixed Platforms.ActiveCfg = Release|x86
		{DD8F7A3D-4F40-4927-8BEE-EBA6230BC51A}.Release|Mixed Platforms.Build.0 = Release|x86
		{DD8F7A3D-4F40-4927-8BEE-EBA6230BC51A}.Release|x86.ActiveCfg = Release|x86
		{DD8F7A3D-4F40-4927-8BEE-EBA6230BC51A}.Release|x86.Build.0 = Release|x86
		{DD8F7A3D-4F40-4927-8BEE-EBA6230BC51A}.SingleImage|Any CPU.ActiveCfg = Release|x86
		{DD8F7A3D-4F40-4927-8BEE-EBA6230BC51A}.SingleImage|Mixed Platforms.ActiveCfg = Release|x86
		{DD8F7A3D-4F40-4927-8BEE-EBA6230BC51A}.SingleImage|Mixed Platforms.Build.0 = Release|x86
		{DD8F7A3D-4F40-4927-8BEE-EBA6230BC51A}.SingleImage|x86.ActiveCfg = Release|x86
		{DD8F7A3D-4F40-4927-8BEE-EBA6230BC51A}.Standalone|Any CPU.ActiveCfg = Standalone|x86
		{DD8F7A3D-4F40-4927-8BEE-EBA6230BC51A}.Standalone|Mixed Platforms.ActiveCfg = Standalone|x86
		{DD8F7A3D-4F40-4927-8BEE-EBA6230BC51A}.Standalone|Mixed Platforms.Build.0 = Standalone|x86
		{DD8F7A3D-4F40-4927-8BEE-EBA6230BC51A}.Standalone|x86.ActiveCfg = Release|x86
		{DD8F7A3D-4F40-4927-8BEE-EBA6230BC51A}.Standalone|x86.Build.0 = Release|x86
		{187FF69E-6AE9-4B86-9A73-2C3145EC28A2}.CD_ROM|Any CPU.ActiveCfg = Release|x86
		{187FF69E-6AE9-4B86-9A73-2C3145EC28A2}.CD_ROM|Mixed Platforms.ActiveCfg = Release|x86
		{187FF69E-6AE9-4B86-9A73-2C3145EC28A2}.CD_ROM|Mixed Platforms.Build.0 = Release|x86
		{187FF69E-6AE9-4B86-9A73-2C3145EC28A2}.CD_ROM|x86.ActiveCfg = Release|x86
		{187FF69E-6AE9-4B86-9A73-2C3145EC28A2}.CD_ROM|x86.Build.0 = Release|x86
		{187FF69E-6AE9-4B86-9A73-2C3145EC28A2}.Debug|Any CPU.ActiveCfg = Debug|x86
		{187FF69E-6AE9-4B86-9A73-2C3145EC28A2}.Debug|Mixed Platforms.ActiveCfg = Debug|x86
		{187FF69E-6AE9-4B86-9A73-2C3145EC28A2}.Debug|Mixed Platforms.Build.0 = Debug|x86
		{187FF69E-6AE9-4B86-9A73-2C3145EC28A2}.Debug|x86.ActiveCfg = Debug|x86
		{187FF69E-6AE9-4B86-9A73-2C3145EC28A2}.Debug|x86.Build.0 = Debug|x86
		{187FF69E-6AE9-4B86-9A73-2C3145EC28A2}.DVD-5|Any CPU.ActiveCfg = Debug|x86
		{187FF69E-6AE9-4B86-9A73-2C3145EC28A2}.DVD-5|Mixed Platforms.ActiveCfg = Debug|x86
		{187FF69E-6AE9-4B86-9A73-2C3145EC28A2}.DVD-5|Mixed Platforms.Build.0 = Debug|x86
		{187FF69E-6AE9-4B86-9A73-2C3145EC28A2}.DVD-5|x86.ActiveCfg = Debug|x86
		{187FF69E-6AE9-4B86-9A73-2C3145EC28A2}.DVD-5|x86.Build.0 = Debug|x86
		{187FF69E-6AE9-4B86-9A73-2C3145EC28A2}.Release|Any CPU.ActiveCfg = Release|x86
		{187FF69E-6AE9-4B86-9A73-2C3145EC28A2}.Release|Mixed Platforms.ActiveCfg = Release|x86
		{187FF69E-6AE9-4B86-9A73-2C3145EC28A2}.Release|Mixed Platforms.Build.0 = Release|x86
		{187FF69E-6AE9-4B86-9A73-2C3145EC28A2}.Release|x86.ActiveCfg = Release|x86
		{187FF69E-6AE9-4B86-9A73-2C3145EC28A2}.Release|x86.Build.0 = Release|x86
		{187FF69E-6AE9-4B86-9A73-2C3145EC28A2}.SingleImage|Any CPU.ActiveCfg = Release|x86
		{187FF69E-6AE9-4B86-9A73-2C3145EC28A2}.SingleImage|Mixed Platforms.ActiveCfg = Release|x86
		{187FF69E-6AE9-4B86-9A73-2C3145EC28A2}.SingleImage|Mixed Platforms.Build.0 = Release|x86
		{187FF69E-6AE9-4B86-9A73-2C3145EC28A2}.SingleImage|x86.ActiveCfg = Release|x86
		{187FF69E-6AE9-4B86-9A73-2C3145EC28A2}.Standalone|Any CPU.ActiveCfg = Standalone|x86
		{187FF69E-6AE9-4B86-9A73-2C3145EC28A2}.Standalone|Mixed Platforms.ActiveCfg = Standalone|x86
		{187FF69E-6AE9-4B86-9A73-2C3145EC28A2}.Standalone|Mixed Platforms.Build.0 = Standalone|x86
		{187FF69E-6AE9-4B86-9A73-2C3145EC28A2}.Standalone|x86.ActiveCfg = Release|x86
		{187FF69E-6AE9-4B86-9A73-2C3145EC28A2}.Standalone|x86.Build.0 = Release|x86
		{33DFB433-FD26-4743-A0B9-81CCA8A0DD2A}.CD_ROM|Any CPU.ActiveCfg = Release|x86
		{33DFB433-FD26-4743-A0B9-81CCA8A0DD2A}.CD_ROM|Mixed Platforms.ActiveCfg = Release|x86
		{33DFB433-FD26-4743-A0B9-81CCA8A0DD2A}.CD_ROM|Mixed Platforms.Build.0 = Release|x86
		{33DFB433-FD26-4743-A0B9-81CCA8A0DD2A}.CD_ROM|x86.ActiveCfg = Release|x86
		{33DFB433-FD26-4743-A0B9-81CCA8A0DD2A}.CD_ROM|x86.Build.0 = Release|x86
		{33DFB433-FD26-4743-A0B9-81CCA8A0DD2A}.Debug|Any CPU.ActiveCfg = Debug|x86
		{33DFB433-FD26-4743-A0B9-81CCA8A0DD2A}.Debug|Mixed Platforms.ActiveCfg = Debug|x86
		{33DFB433-FD26-4743-A0B9-81CCA8A0DD2A}.Debug|Mixed Platforms.Build.0 = Debug|x86
		{33DFB433-FD26-4743-A0B9-81CCA8A0DD2A}.Debug|x86.ActiveCfg = Debug|x86
		{33DFB433-FD26-4743-A0B9-81CCA8A0DD2A}.Debug|x86.Build.0 = Debug|x86
		{33DFB433-FD26-4743-A0B9-81CCA8A0DD2A}.DVD-5|Any CPU.ActiveCfg = Debug|x86
		{33DFB433-FD26-4743-A0B9-81CCA8A0DD2A}.DVD-5|Mixed Platforms.ActiveCfg = Debug|x86
		{33DFB433-FD26-4743-A0B9-81CCA8A0DD2A}.DVD-5|Mixed Platforms.Build.0 = Debug|x86
		{33DFB433-FD26-4743-A0B9-81CCA8A0DD2A}.DVD-5|x86.ActiveCfg = Debug|x86
		{33DFB433-FD26-4743-A0B9-81CCA8A0DD2A}.DVD-5|x86.Build.0 = Debug|x86
		{33DFB433-FD26-4743-A0B9-81CCA8A0DD2A}.Release|Any CPU.ActiveCfg = Release|x86
		{33DFB433-FD26-4743-A0B9-81CCA8A0DD2A}.Release|Mixed Platforms.ActiveCfg = Release|x86
		{33DFB433-FD26-4743-A0B9-81CCA8A0DD2A}.Release|Mixed Platforms.Build.0 = Release|x86
		{33DFB433-FD26-4743-A0B9-81CCA8A0DD2A}.Release|x86.ActiveCfg = Release|x86
		{33DFB433-FD26-4743-A0B9-81CCA8A0DD2A}.Release|x86.Build.0 = Release|x86
		{33DFB433-FD26-4743-A0B9-81CCA8A0DD2A}.SingleImage|Any CPU.ActiveCfg = Release|x86
		{33DFB433-FD26-4743-A0B9-81CCA8A0DD2A}.SingleImage|Mixed Platforms.ActiveCfg = Release|x86
		{33DFB433-FD26-4743-A0B9-81CCA8A0DD2A}.SingleImage|Mixed Platforms.Build.0 = Release|x86
		{33DFB433-FD26-4743-A0B9-81CCA8A0DD2A}.SingleImage|x86.ActiveCfg = Release|x86
		{33DFB433-FD26-4743-A0B9-81CCA8A0DD2A}.Standalone|Any CPU.ActiveCfg = Standalone|x86
		{33DFB433-FD26-4743-A0B9-81CCA8A0DD2A}.Standalone|Mixed Platforms.ActiveCfg = Standalone|x86
		{33DFB433-FD26-4743-A0B9-81CCA8A0DD2A}.Standalone|Mixed Platforms.Build.0 = Standalone|x86
		{33DFB433-FD26-4743-A0B9-81CCA8A0DD2A}.Standalone|x86.ActiveCfg = Release|x86
		{33DFB433-FD26-4743-A0B9-81CCA8A0DD2A}.Standalone|x86.Build.0 = Release|x86
		{D7865C67-C751-4F05-A102-B8F669F9C025}.CD_ROM|Any CPU.ActiveCfg = Release|x86
		{D7865C67-C751-4F05-A102-B8F669F9C025}.CD_ROM|Mixed Platforms.ActiveCfg = Release|x86
		{D7865C67-C751-4F05-A102-B8F669F9C025}.CD_ROM|Mixed Platforms.Build.0 = Release|x86
		{D7865C67-C751-4F05-A102-B8F669F9C025}.CD_ROM|x86.ActiveCfg = Release|x86
		{D7865C67-C751-4F05-A102-B8F669F9C025}.CD_ROM|x86.Build.0 = Release|x86
		{D7865C67-C751-4F05-A102-B8F669F9C025}.Debug|Any CPU.ActiveCfg = Debug|x86
		{D7865C67-C751-4F05-A102-B8F669F9C025}.Debug|Mixed Platforms.ActiveCfg = Debug|x86
		{D7865C67-C751-4F05-A102-B8F669F9C025}.Debug|Mixed Platforms.Build.0 = Debug|x86
		{D7865C67-C751-4F05-A102-B8F669F9C025}.Debug|x86.ActiveCfg = Debug|x86
		{D7865C67-C751-4F05-A102-B8F669F9C025}.Debug|x86.Build.0 = Debug|x86
		{D7865C67-C751-4F05-A102-B8F669F9C025}.DVD-5|Any CPU.ActiveCfg = Debug|x86
		{D7865C67-C751-4F05-A102-B8F669F9C025}.DVD-5|Mixed Platforms.ActiveCfg = Debug|x86
		{D7865C67-C751-4F05-A102-B8F669F9C025}.DVD-5|Mixed Platforms.Build.0 = Debug|x86
		{D7865C67-C751-4F05-A102-B8F669F9C025}.DVD-5|x86.ActiveCfg = Debug|x86
		{D7865C67-C751-4F05-A102-B8F669F9C025}.DVD-5|x86.Build.0 = Debug|x86
		{D7865C67-C751-4F05-A102-B8F669F9C025}.Release|Any CPU.ActiveCfg = Release|x86
		{D7865C67-C751-4F05-A102-B8F669F9C025}.Release|Mixed Platforms.ActiveCfg = Release|x86
		{D7865C67-C751-4F05-A102-B8F669F9C025}.Release|Mixed Platforms.Build.0 = Release|x86
		{D7865C67-C751-4F05-A102-B8F669F9C025}.Release|x86.ActiveCfg = Release|x86
		{D7865C67-C751-4F05-A102-B8F669F9C025}.Release|x86.Build.0 = Release|x86
		{D7865C67-C751-4F05-A102-B8F669F9C025}.SingleImage|Any CPU.ActiveCfg = Release|x86
		{D7865C67-C751-4F05-A102-B8F669F9C025}.SingleImage|Mixed Platforms.ActiveCfg = Release|x86
		{D7865C67-C751-4F05-A102-B8F669F9C025}.SingleImage|Mixed Platforms.Build.0 = Release|x86
		{D7865C67-C751-4F05-A102-B8F669F9C025}.SingleImage|x86.ActiveCfg = Release|x86
		{D7865C67-C751-4F05-A102-B8F669F9C025}.Standalone|Any CPU.ActiveCfg = Standalone|x86
		{D7865C67-C751-4F05-A102-B8F669F9C025}.Standalone|Mixed Platforms.ActiveCfg = Standalone|x86
		{D7865C67-C751-4F05-A102-B8F669F9C025}.Standalone|Mixed Platforms.Build.0 = Standalone|x86
		{D7865C67-C751-4F05-A102-B8F669F9C025}.Standalone|x86.ActiveCfg = Release|x86
		{D7865C67-C751-4F05-A102-B8F669F9C025}.Standalone|x86.Build.0 = Release|x86
		{24FEA20A-ACCF-4DE4-B11D-072E21854A7C}.CD_ROM|Any CPU.ActiveCfg = Release|x86
		{24FEA20A-ACCF-4DE4-B11D-072E21854A7C}.CD_ROM|Mixed Platforms.ActiveCfg = Release|x86
		{24FEA20A-ACCF-4DE4-B11D-072E21854A7C}.CD_ROM|Mixed Platforms.Build.0 = Release|x86
		{24FEA20A-ACCF-4DE4-B11D-072E21854A7C}.CD_ROM|x86.ActiveCfg = Release|x86
		{24FEA20A-ACCF-4DE4-B11D-072E21854A7C}.CD_ROM|x86.Build.0 = Release|x86
		{24FEA20A-ACCF-4DE4-B11D-072E21854A7C}.Debug|Any CPU.ActiveCfg = Debug|x86
		{24FEA20A-ACCF-4DE4-B11D-072E21854A7C}.Debug|Mixed Platforms.ActiveCfg = Debug|x86
		{24FEA20A-ACCF-4DE4-B11D-072E21854A7C}.Debug|Mixed Platforms.Build.0 = Debug|x86
		{24FEA20A-ACCF-4DE4-B11D-072E21854A7C}.Debug|x86.ActiveCfg = Debug|x86
		{24FEA20A-ACCF-4DE4-B11D-072E21854A7C}.Debug|x86.Build.0 = Debug|x86
		{24FEA20A-ACCF-4DE4-B11D-072E21854A7C}.DVD-5|Any CPU.ActiveCfg = Debug|x86
		{24FEA20A-ACCF-4DE4-B11D-072E21854A7C}.DVD-5|Mixed Platforms.ActiveCfg = Debug|x86
		{24FEA20A-ACCF-4DE4-B11D-072E21854A7C}.DVD-5|Mixed Platforms.Build.0 = Debug|x86
		{24FEA20A-ACCF-4DE4-B11D-072E21854A7C}.DVD-5|x86.ActiveCfg = Debug|x86
		{24FEA20A-ACCF-4DE4-B11D-072E21854A7C}.DVD-5|x86.Build.0 = Debug|x86
		{24FEA20A-ACCF-4DE4-B11D-072E21854A7C}.Release|Any CPU.ActiveCfg = Release|x86
		{24FEA20A-ACCF-4DE4-B11D-072E21854A7C}.Release|Mixed Platforms.ActiveCfg = Release|x86
		{24FEA20A-ACCF-4DE4-B11D-072E21854A7C}.Release|Mixed Platforms.Build.0 = Release|x86
		{24FEA20A-ACCF-4DE4-B11D-072E21854A7C}.Release|x86.ActiveCfg = Release|x86
		{24FEA20A-ACCF-4DE4-B11D-072E21854A7C}.Release|x86.Build.0 = Release|x86
		{24FEA20A-ACCF-4DE4-B11D-072E21854A7C}.SingleImage|Any CPU.ActiveCfg = Release|x86
		{24FEA20A-ACCF-4DE4-B11D-072E21854A7C}.SingleImage|Mixed Platforms.ActiveCfg = Release|x86
		{24FEA20A-ACCF-4DE4-B11D-072E21854A7C}.SingleImage|Mixed Platforms.Build.0 = Release|x86
		{24FEA20A-ACCF-4DE4-B11D-072E21854A7C}.SingleImage|x86.ActiveCfg = Release|x86
		{24FEA20A-ACCF-4DE4-B11D-072E21854A7C}.Standalone|Any CPU.ActiveCfg = Standalone|x86
		{24FEA20A-ACCF-4DE4-B11D-072E21854A7C}.Standalone|Mixed Platforms.ActiveCfg = Standalone|x86
		{24FEA20A-ACCF-4DE4-B11D-072E21854A7C}.Standalone|Mixed Platforms.Build.0 = Standalone|x86
		{24FEA20A-ACCF-4DE4-B11D-072E21854A7C}.Standalone|x86.ActiveCfg = Release|x86
		{24FEA20A-ACCF-4DE4-B11D-072E21854A7C}.Standalone|x86.Build.0 = Release|x86
		{36596C4B-DB3F-41D6-9A92-FF5F9625F354}.CD_ROM|Any CPU.ActiveCfg = Release|x86
		{36596C4B-DB3F-41D6-9A92-FF5F9625F354}.CD_ROM|Mixed Platforms.ActiveCfg = Release|x86
		{36596C4B-DB3F-41D6-9A92-FF5F9625F354}.CD_ROM|Mixed Platforms.Build.0 = Release|x86
		{36596C4B-DB3F-41D6-9A92-FF5F9625F354}.CD_ROM|x86.ActiveCfg = Release|x86
		{36596C4B-DB3F-41D6-9A92-FF5F9625F354}.CD_ROM|x86.Build.0 = Release|x86
		{36596C4B-DB3F-41D6-9A92-FF5F9625F354}.Debug|Any CPU.ActiveCfg = Debug|x86
		{36596C4B-DB3F-41D6-9A92-FF5F9625F354}.Debug|Mixed Platforms.ActiveCfg = Debug|x86
		{36596C4B-DB3F-41D6-9A92-FF5F9625F354}.Debug|Mixed Platforms.Build.0 = Debug|x86
		{36596C4B-DB3F-41D6-9A92-FF5F9625F354}.Debug|x86.ActiveCfg = Debug|x86
		{36596C4B-DB3F-41D6-9A92-FF5F9625F354}.Debug|x86.Build.0 = Debug|x86
		{36596C4B-DB3F-41D6-9A92-FF5F9625F354}.DVD-5|Any CPU.ActiveCfg = Debug|x86
		{36596C4B-DB3F-41D6-9A92-FF5F9625F354}.DVD-5|Mixed Platforms.ActiveCfg = Debug|x86
		{36596C4B-DB3F-41D6-9A92-FF5F9625F354}.DVD-5|Mixed Platforms.Build.0 = Debug|x86
		{36596C4B-DB3F-41D6-9A92-FF5F9625F354}.DVD-5|x86.ActiveCfg = Debug|x86
		{36596C4B-DB3F-41D6-9A92-FF5F9625F354}.DVD-5|x86.Build.0 = Debug|x86
		{36596C4B-DB3F-41D6-9A92-FF5F9625F354}.Release|Any CPU.ActiveCfg = Release|x86
		{36596C4B-DB3F-41D6-9A92-FF5F9625F354}.Release|Mixed Platforms.ActiveCfg = Release|x86
		{36596C4B-DB3F-41D6-9A92-FF5F9625F354}.Release|Mixed Platforms.Build.0 = Release|x86
		{36596C4B-DB3F-41D6-9A92-FF5F9625F354}.Release|x86.ActiveCfg = Release|x86
		{36596C4B-DB3F-41D6-9A92-FF5F9625F354}.Release|x86.Build.0 = Release|x86
		{36596C4B-DB3F-41D6-9A92-FF5F9625F354}.SingleImage|Any CPU.ActiveCfg = Release|x86
		{36596C4B-DB3F-41D6-9A92-FF5F9625F354}.SingleImage|Mixed Platforms.ActiveCfg = Release|x86
		{36596C4B-DB3F-41D6-9A92-FF5F9625F354}.SingleImage|Mixed Platforms.Build.0 = Release|x86
		{36596C4B-DB3F-41D6-9A92-FF5F9625F354}.SingleImage|x86.ActiveCfg = Release|x86
		{36596C4B-DB3F-41D6-9A92-FF5F9625F354}.Standalone|Any CPU.ActiveCfg = Standalone|x86
		{36596C4B-DB3F-41D6-9A92-FF5F9625F354}.Standalone|Mixed Platforms.ActiveCfg = Standalone|x86
		{36596C4B-DB3F-41D6-9A92-FF5F9625F354}.Standalone|Mixed Platforms.Build.0 = Standalone|x86
		{36596C4B-DB3F-41D6-9A92-FF5F9625F354}.Standalone|x86.ActiveCfg = Release|x86
		{36596C4B-DB3F-41D6-9A92-FF5F9625F354}.Standalone|x86.Build.0 = Release|x86
		{78B22D96-4175-4000-8CA9-C8C0FDDF71C0}.CD_ROM|Any CPU.ActiveCfg = Release|x86
		{78B22D96-4175-4000-8CA9-C8C0FDDF71C0}.CD_ROM|Mixed Platforms.ActiveCfg = Release|x86
		{78B22D96-4175-4000-8CA9-C8C0FDDF71C0}.CD_ROM|Mixed Platforms.Build.0 = Release|x86
		{78B22D96-4175-4000-8CA9-C8C0FDDF71C0}.CD_ROM|x86.ActiveCfg = Release|x86
		{78B22D96-4175-4000-8CA9-C8C0FDDF71C0}.CD_ROM|x86.Build.0 = Release|x86
		{78B22D96-4175-4000-8CA9-C8C0FDDF71C0}.Debug|Any CPU.ActiveCfg = Debug|x86
		{78B22D96-4175-4000-8CA9-C8C0FDDF71C0}.Debug|Mixed Platforms.ActiveCfg = Debug|x86
		{78B22D96-4175-4000-8CA9-C8C0FDDF71C0}.Debug|Mixed Platforms.Build.0 = Debug|x86
		{78B22D96-4175-4000-8CA9-C8C0FDDF71C0}.Debug|x86.ActiveCfg = Debug|x86
		{78B22D96-4175-4000-8CA9-C8C0FDDF71C0}.Debug|x86.Build.0 = Debug|x86
		{78B22D96-4175-4000-8CA9-C8C0FDDF71C0}.DVD-5|Any CPU.ActiveCfg = Debug|x86
		{78B22D96-4175-4000-8CA9-C8C0FDDF71C0}.DVD-5|Mixed Platforms.ActiveCfg = Debug|x86
		{78B22D96-4175-4000-8CA9-C8C0FDDF71C0}.DVD-5|Mixed Platforms.Build.0 = Debug|x86
		{78B22D96-4175-4000-8CA9-C8C0FDDF71C0}.DVD-5|x86.ActiveCfg = Debug|x86
		{78B22D96-4175-4000-8CA9-C8C0FDDF71C0}.DVD-5|x86.Build.0 = Debug|x86
		{78B22D96-4175-4000-8CA9-C8C0FDDF71C0}.Release|Any CPU.ActiveCfg = Release|x86
		{78B22D96-4175-4000-8CA9-C8C0FDDF71C0}.Release|Mixed Platforms.ActiveCfg = Release|x86
		{78B22D96-4175-4000-8CA9-C8C0FDDF71C0}.Release|Mixed Platforms.Build.0 = Release|x86
		{78B22D96-4175-4000-8CA9-C8C0FDDF71C0}.Release|x86.ActiveCfg = Release|x86
		{78B22D96-4175-4000-8CA9-C8C0FDDF71C0}.Release|x86.Build.0 = Release|x86
		{78B22D96-4175-4000-8CA9-C8C0FDDF71C0}.SingleImage|Any CPU.ActiveCfg = Release|x86
		{78B22D96-4175-4000-8CA9-C8C0FDDF71C0}.SingleImage|Mixed Platforms.ActiveCfg = Release|x86
		{78B22D96-4175-4000-8CA9-C8C0FDDF71C0}.SingleImage|Mixed Platforms.Build.0 = Release|x86
		{78B22D96-4175-4000-8CA9-C8C0FDDF71C0}.SingleImage|x86.ActiveCfg = Release|x86
		{78B22D96-4175-4000-8CA9-C8C0FDDF71C0}.Standalone|Any CPU.ActiveCfg = Standalone|x86
		{78B22D96-4175-4000-8CA9-C8C0FDDF71C0}.Standalone|Mixed Platforms.ActiveCfg = Standalone|x86
		{78B22D96-4175-4000-8CA9-C8C0FDDF71C0}.Standalone|Mixed Platforms.Build.0 = Standalone|x86
		{78B22D96-4175-4000-8CA9-C8C0FDDF71C0}.Standalone|x86.ActiveCfg = Release|x86
		{78B22D96-4175-4000-8CA9-C8C0FDDF71C0}.Standalone|x86.Build.0 = Release|x86
		{B54EE06A-33DF-4F1B-A2EB-AB4A83D9D4B6}.CD_ROM|Any CPU.ActiveCfg = Release|x86
		{B54EE06A-33DF-4F1B-A2EB-AB4A83D9D4B6}.CD_ROM|Mixed Platforms.ActiveCfg = Release|x86
		{B54EE06A-33DF-4F1B-A2EB-AB4A83D9D4B6}.CD_ROM|Mixed Platforms.Build.0 = Release|x86
		{B54EE06A-33DF-4F1B-A2EB-AB4A83D9D4B6}.CD_ROM|x86.ActiveCfg = Release|x86
		{B54EE06A-33DF-4F1B-A2EB-AB4A83D9D4B6}.CD_ROM|x86.Build.0 = Release|x86
		{B54EE06A-33DF-4F1B-A2EB-AB4A83D9D4B6}.Debug|Any CPU.ActiveCfg = Debug|x86
		{B54EE06A-33DF-4F1B-A2EB-AB4A83D9D4B6}.Debug|Mixed Platforms.ActiveCfg = Debug|x86
		{B54EE06A-33DF-4F1B-A2EB-AB4A83D9D4B6}.Debug|Mixed Platforms.Build.0 = Debug|x86
		{B54EE06A-33DF-4F1B-A2EB-AB4A83D9D4B6}.Debug|x86.ActiveCfg = Debug|x86
		{B54EE06A-33DF-4F1B-A2EB-AB4A83D9D4B6}.Debug|x86.Build.0 = Debug|x86
		{B54EE06A-33DF-4F1B-A2EB-AB4A83D9D4B6}.DVD-5|Any CPU.ActiveCfg = Debug|x86
		{B54EE06A-33DF-4F1B-A2EB-AB4A83D9D4B6}.DVD-5|Mixed Platforms.ActiveCfg = Debug|x86
		{B54EE06A-33DF-4F1B-A2EB-AB4A83D9D4B6}.DVD-5|Mixed Platforms.Build.0 = Debug|x86
		{B54EE06A-33DF-4F1B-A2EB-AB4A83D9D4B6}.DVD-5|x86.ActiveCfg = Debug|x86
		{B54EE06A-33DF-4F1B-A2EB-AB4A83D9D4B6}.DVD-5|x86.Build.0 = Debug|x86
		{B54EE06A-33DF-4F1B-A2EB-AB4A83D9D4B6}.Release|Any CPU.ActiveCfg = Release|x86
		{B54EE06A-33DF-4F1B-A2EB-AB4A83D9D4B6}.Release|Mixed Platforms.ActiveCfg = Release|x86
		{B54EE06A-33DF-4F1B-A2EB-AB4A83D9D4B6}.Release|Mixed Platforms.Build.0 = Release|x86
		{B54EE06A-33DF-4F1B-A2EB-AB4A83D9D4B6}.Release|x86.ActiveCfg = Release|x86
		{B54EE06A-33DF-4F1B-A2EB-AB4A83D9D4B6}.Release|x86.Build.0 = Release|x86
		{B54EE06A-33DF-4F1B-A2EB-AB4A83D9D4B6}.SingleImage|Any CPU.ActiveCfg = Release|x86
		{B54EE06A-33DF-4F1B-A2EB-AB4A83D9D4B6}.SingleImage|Mixed Platforms.ActiveCfg = Release|x86
		{B54EE06A-33DF-4F1B-A2EB-AB4A83D9D4B6}.SingleImage|Mixed Platforms.Build.0 = Release|x86
		{B54EE06A-33DF-4F1B-A2EB-AB4A83D9D4B6}.SingleImage|x86.ActiveCfg = Release|x86
		{B54EE06A-33DF-4F1B-A2EB-AB4A83D9D4B6}.Standalone|Any CPU.ActiveCfg = Standalone|x86
		{B54EE06A-33DF-4F1B-A2EB-AB4A83D9D4B6}.Standalone|Mixed Platforms.ActiveCfg = Standalone|x86
		{B54EE06A-33DF-4F1B-A2EB-AB4A83D9D4B6}.Standalone|Mixed Platforms.Build.0 = Standalone|x86
		{B54EE06A-33DF-4F1B-A2EB-AB4A83D9D4B6}.Standalone|x86.ActiveCfg = Release|x86
		{B54EE06A-33DF-4F1B-A2EB-AB4A83D9D4B6}.Standalone|x86.Build.0 = Release|x86
		{9A86F4EC-4207-4071-8E29-5D7FEFC44EA2}.CD_ROM|Any CPU.ActiveCfg = Release|x86
		{9A86F4EC-4207-4071-8E29-5D7FEFC44EA2}.CD_ROM|Mixed Platforms.ActiveCfg = Release|x86
		{9A86F4EC-4207-4071-8E29-5D7FEFC44EA2}.CD_ROM|Mixed Platforms.Build.0 = Release|x86
		{9A86F4EC-4207-4071-8E29-5D7FEFC44EA2}.CD_ROM|x86.ActiveCfg = Release|x86
		{9A86F4EC-4207-4071-8E29-5D7FEFC44EA2}.CD_ROM|x86.Build.0 = Release|x86
		{9A86F4EC-4207-4071-8E29-5D7FEFC44EA2}.Debug|Any CPU.ActiveCfg = Debug|x86
		{9A86F4EC-4207-4071-8E29-5D7FEFC44EA2}.Debug|Mixed Platforms.ActiveCfg = Debug|x86
		{9A86F4EC-4207-4071-8E29-5D7FEFC44EA2}.Debug|Mixed Platforms.Build.0 = Debug|x86
		{9A86F4EC-4207-4071-8E29-5D7FEFC44EA2}.Debug|x86.ActiveCfg = Debug|x86
		{9A86F4EC-4207-4071-8E29-5D7FEFC44EA2}.Debug|x86.Build.0 = Debug|x86
		{9A86F4EC-4207-4071-8E29-5D7FEFC44EA2}.DVD-5|Any CPU.ActiveCfg = Debug|x86
		{9A86F4EC-4207-4071-8E29-5D7FEFC44EA2}.DVD-5|Mixed Platforms.ActiveCfg = Debug|x86
		{9A86F4EC-4207-4071-8E29-5D7FEFC44EA2}.DVD-5|Mixed Platforms.Build.0 = Debug|x86
		{9A86F4EC-4207-4071-8E29-5D7FEFC44EA2}.DVD-5|x86.ActiveCfg = Debug|x86
		{9A86F4EC-4207-4071-8E29-5D7FEFC44EA2}.DVD-5|x86.Build.0 = Debug|x86
		{9A86F4EC-4207-4071-8E29-5D7FEFC44EA2}.Release|Any CPU.ActiveCfg = Release|x86
		{9A86F4EC-4207-4071-8E29-5D7FEFC44EA2}.Release|Mixed Platforms.ActiveCfg = Release|x86
		{9A86F4EC-4207-4071-8E29-5D7FEFC44EA2}.Release|Mixed Platforms.Build.0 = Release|x86
		{9A86F4EC-4207-4071-8E29-5D7FEFC44EA2}.Release|x86.ActiveCfg = Release|x86
		{9A86F4EC-4207-4071-8E29-5D7FEFC44EA2}.Release|x86.Build.0 = Release|x86
		{9A86F4EC-4207-4071-8E29-5D7FEFC44EA2}.SingleImage|Any CPU.ActiveCfg = Release|x86
		{9A86F4EC-4207-4071-8E29-5D7FEFC44EA2}.SingleImage|Mixed Platforms.ActiveCfg = Release|x86
		{9A86F4EC-4207-4071-8E29-5D7FEFC44EA2}.SingleImage|Mixed Platforms.Build.0 = Release|x86
		{9A86F4EC-4207-4071-8E29-5D7FEFC44EA2}.SingleImage|x86.ActiveCfg = Release|x86
		{9A86F4EC-4207-4071-8E29-5D7FEFC44EA2}.Standalone|Any CPU.ActiveCfg = Standalone|x86
		{9A86F4EC-4207-4071-8E29-5D7FEFC44EA2}.Standalone|Mixed Platforms.ActiveCfg = Standalone|x86
		{9A86F4EC-4207-4071-8E29-5D7FEFC44EA2}.Standalone|Mixed Platforms.Build.0 = Standalone|x86
		{9A86F4EC-4207-4071-8E29-5D7FEFC44EA2}.Standalone|x86.ActiveCfg = Release|x86
		{9A86F4EC-4207-4071-8E29-5D7FEFC44EA2}.Standalone|x86.Build.0 = Release|x86
		{88E9D88E-0D32-45F5-B774-0128B9370722}.CD_ROM|Any CPU.ActiveCfg = Release|x86
		{88E9D88E-0D32-45F5-B774-0128B9370722}.CD_ROM|Mixed Platforms.ActiveCfg = Release|x86
		{88E9D88E-0D32-45F5-B774-0128B9370722}.CD_ROM|Mixed Platforms.Build.0 = Release|x86
		{88E9D88E-0D32-45F5-B774-0128B9370722}.CD_ROM|x86.ActiveCfg = Release|x86
		{88E9D88E-0D32-45F5-B774-0128B9370722}.CD_ROM|x86.Build.0 = Release|x86
		{88E9D88E-0D32-45F5-B774-0128B9370722}.Debug|Any CPU.ActiveCfg = Debug|x86
		{88E9D88E-0D32-45F5-B774-0128B9370722}.Debug|Mixed Platforms.ActiveCfg = Debug|x86
		{88E9D88E-0D32-45F5-B774-0128B9370722}.Debug|Mixed Platforms.Build.0 = Debug|x86
		{88E9D88E-0D32-45F5-B774-0128B9370722}.Debug|x86.ActiveCfg = Debug|x86
		{88E9D88E-0D32-45F5-B774-0128B9370722}.Debug|x86.Build.0 = Debug|x86
		{88E9D88E-0D32-45F5-B774-0128B9370722}.DVD-5|Any CPU.ActiveCfg = Debug|x86
		{88E9D88E-0D32-45F5-B774-0128B9370722}.DVD-5|Mixed Platforms.ActiveCfg = Debug|x86
		{88E9D88E-0D32-45F5-B774-0128B9370722}.DVD-5|Mixed Platforms.Build.0 = Debug|x86
		{88E9D88E-0D32-45F5-B774-0128B9370722}.DVD-5|x86.ActiveCfg = Debug|x86
		{88E9D88E-0D32-45F5-B774-0128B9370722}.DVD-5|x86.Build.0 = Debug|x86
		{88E9D88E-0D32-45F5-B774-0128B9370722}.Release|Any CPU.ActiveCfg = Release|x86
		{88E9D88E-0D32-45F5-B774-0128B9370722}.Release|Mixed Platforms.ActiveCfg = Release|x86
		{88E9D88E-0D32-45F5-B774-0128B9370722}.Release|Mixed Platforms.Build.0 = Release|x86
		{88E9D88E-0D32-45F5-B774-0128B9370722}.Release|x86.ActiveCfg = Release|x86
		{88E9D88E-0D32-45F5-B774-0128B9370722}.Release|x86.Build.0 = Release|x86
		{88E9D88E-0D32-45F5-B774-0128B9370722}.SingleImage|Any CPU.ActiveCfg = Release|x86
		{88E9D88E-0D32-45F5-B774-0128B9370722}.SingleImage|Mixed Platforms.ActiveCfg = Release|x86
		{88E9D88E-0D32-45F5-B774-0128B9370722}.SingleImage|Mixed Platforms.Build.0 = Release|x86
		{88E9D88E-0D32-45F5-B774-0128B9370722}.SingleImage|x86.ActiveCfg = Release|x86
		{88E9D88E-0D32-45F5-B774-0128B9370722}.Standalone|Any CPU.ActiveCfg = Standalone|x86
		{88E9D88E-0D32-45F5-B774-0128B9370722}.Standalone|Mixed Platforms.ActiveCfg = Standalone|x86
		{88E9D88E-0D32-45F5-B774-0128B9370722}.Standalone|Mixed Platforms.Build.0 = Standalone|x86
		{88E9D88E-0D32-45F5-B774-0128B9370722}.Standalone|x86.ActiveCfg = Release|x86
		{88E9D88E-0D32-45F5-B774-0128B9370722}.Standalone|x86.Build.0 = Release|x86
		{5CFA9DC0-C3CD-4BC7-8F8D-6C27F8E56C18}.CD_ROM|Any CPU.ActiveCfg = Release|x86
		{5CFA9DC0-C3CD-4BC7-8F8D-6C27F8E56C18}.CD_ROM|Mixed Platforms.ActiveCfg = Release|x86
		{5CFA9DC0-C3CD-4BC7-8F8D-6C27F8E56C18}.CD_ROM|Mixed Platforms.Build.0 = Release|x86
		{5CFA9DC0-C3CD-4BC7-8F8D-6C27F8E56C18}.CD_ROM|x86.ActiveCfg = Release|x86
		{5CFA9DC0-C3CD-4BC7-8F8D-6C27F8E56C18}.CD_ROM|x86.Build.0 = Release|x86
		{5CFA9DC0-C3CD-4BC7-8F8D-6C27F8E56C18}.Debug|Any CPU.ActiveCfg = Debug|x86
		{5CFA9DC0-C3CD-4BC7-8F8D-6C27F8E56C18}.Debug|Mixed Platforms.ActiveCfg = Debug|x86
		{5CFA9DC0-C3CD-4BC7-8F8D-6C27F8E56C18}.Debug|Mixed Platforms.Build.0 = Debug|x86
		{5CFA9DC0-C3CD-4BC7-8F8D-6C27F8E56C18}.Debug|x86.ActiveCfg = Debug|x86
		{5CFA9DC0-C3CD-4BC7-8F8D-6C27F8E56C18}.Debug|x86.Build.0 = Debug|x86
		{5CFA9DC0-C3CD-4BC7-8F8D-6C27F8E56C18}.DVD-5|Any CPU.ActiveCfg = Debug|x86
		{5CFA9DC0-C3CD-4BC7-8F8D-6C27F8E56C18}.DVD-5|Mixed Platforms.ActiveCfg = Debug|x86
		{5CFA9DC0-C3CD-4BC7-8F8D-6C27F8E56C18}.DVD-5|Mixed Platforms.Build.0 = Debug|x86
		{5CFA9DC0-C3CD-4BC7-8F8D-6C27F8E56C18}.DVD-5|x86.ActiveCfg = Debug|x86
		{5CFA9DC0-C3CD-4BC7-8F8D-6C27F8E56C18}.DVD-5|x86.Build.0 = Debug|x86
		{5CFA9DC0-C3CD-4BC7-8F8D-6C27F8E56C18}.Release|Any CPU.ActiveCfg = Release|x86
		{5CFA9DC0-C3CD-4BC7-8F8D-6C27F8E56C18}.Release|Mixed Platforms.ActiveCfg = Release|x86
		{5CFA9DC0-C3CD-4BC7-8F8D-6C27F8E56C18}.Release|Mixed Platforms.Build.0 = Release|x86
		{5CFA9DC0-C3CD-4BC7-8F8D-6C27F8E56C18}.Release|x86.ActiveCfg = Release|x86
		{5CFA9DC0-C3CD-4BC7-8F8D-6C27F8E56C18}.Release|x86.Build.0 = Release|x86
		{5CFA9DC0-C3CD-4BC7-8F8D-6C27F8E56C18}.SingleImage|Any CPU.ActiveCfg = Release|x86
		{5CFA9DC0-C3CD-4BC7-8F8D-6C27F8E56C18}.SingleImage|Mixed Platforms.ActiveCfg = Release|x86
		{5CFA9DC0-C3CD-4BC7-8F8D-6C27F8E56C18}.SingleImage|Mixed Platforms.Build.0 = Release|x86
		{5CFA9DC0-C3CD-4BC7-8F8D-6C27F8E56C18}.SingleImage|x86.ActiveCfg = Release|x86
		{5CFA9DC0-C3CD-4BC7-8F8D-6C27F8E56C18}.Standalone|Any CPU.ActiveCfg = Standalone|x86
		{5CFA9DC0-C3CD-4BC7-8F8D-6C27F8E56C18}.Standalone|Mixed Platforms.ActiveCfg = Standalone|x86
		{5CFA9DC0-C3CD-4BC7-8F8D-6C27F8E56C18}.Standalone|Mixed Platforms.Build.0 = Standalone|x86
		{5CFA9DC0-C3CD-4BC7-8F8D-6C27F8E56C18}.Standalone|x86.ActiveCfg = Release|x86
		{5CFA9DC0-C3CD-4BC7-8F8D-6C27F8E56C18}.Standalone|x86.Build.0 = Release|x86
		{402D6798-D7AF-437C-9E3B-E76B13499B1D}.CD_ROM|Any CPU.ActiveCfg = Release|x86
		{402D6798-D7AF-437C-9E3B-E76B13499B1D}.CD_ROM|Mixed Platforms.ActiveCfg = Release|x86
		{402D6798-D7AF-437C-9E3B-E76B13499B1D}.CD_ROM|Mixed Platforms.Build.0 = Release|x86
		{402D6798-D7AF-437C-9E3B-E76B13499B1D}.CD_ROM|x86.ActiveCfg = Release|x86
		{402D6798-D7AF-437C-9E3B-E76B13499B1D}.CD_ROM|x86.Build.0 = Release|x86
		{402D6798-D7AF-437C-9E3B-E76B13499B1D}.Debug|Any CPU.ActiveCfg = Debug|x86
		{402D6798-D7AF-437C-9E3B-E76B13499B1D}.Debug|Mixed Platforms.ActiveCfg = Debug|x86
		{402D6798-D7AF-437C-9E3B-E76B13499B1D}.Debug|Mixed Platforms.Build.0 = Debug|x86
		{402D6798-D7AF-437C-9E3B-E76B13499B1D}.Debug|x86.ActiveCfg = Debug|x86
		{402D6798-D7AF-437C-9E3B-E76B13499B1D}.Debug|x86.Build.0 = Debug|x86
		{402D6798-D7AF-437C-9E3B-E76B13499B1D}.DVD-5|Any CPU.ActiveCfg = Debug|x86
		{402D6798-D7AF-437C-9E3B-E76B13499B1D}.DVD-5|Mixed Platforms.ActiveCfg = Debug|x86
		{402D6798-D7AF-437C-9E3B-E76B13499B1D}.DVD-5|Mixed Platforms.Build.0 = Debug|x86
		{402D6798-D7AF-437C-9E3B-E76B13499B1D}.DVD-5|x86.ActiveCfg = Debug|x86
		{402D6798-D7AF-437C-9E3B-E76B13499B1D}.DVD-5|x86.Build.0 = Debug|x86
		{402D6798-D7AF-437C-9E3B-E76B13499B1D}.Release|Any CPU.ActiveCfg = Release|x86
		{402D6798-D7AF-437C-9E3B-E76B13499B1D}.Release|Mixed Platforms.ActiveCfg = Release|x86
		{402D6798-D7AF-437C-9E3B-E76B13499B1D}.Release|Mixed Platforms.Build.0 = Release|x86
		{402D6798-D7AF-437C-9E3B-E76B13499B1D}.Release|x86.ActiveCfg = Release|x86
		{402D6798-D7AF-437C-9E3B-E76B13499B1D}.Release|x86.Build.0 = Release|x86
		{402D6798-D7AF-437C-9E3B-E76B13499B1D}.SingleImage|Any CPU.ActiveCfg = Release|x86
		{402D6798-D7AF-437C-9E3B-E76B13499B1D}.SingleImage|Mixed Platforms.ActiveCfg = Release|x86
		{402D6798-D7AF-437C-9E3B-E76B13499B1D}.SingleImage|Mixed Platforms.Build.0 = Release|x86
		{402D6798-D7AF-437C-9E3B-E76B13499B1D}.SingleImage|x86.ActiveCfg = Release|x86
		{402D6798-D7AF-437C-9E3B-E76B13499B1D}.Standalone|Any CPU.ActiveCfg = Standalone|x86
		{402D6798-D7AF-437C-9E3B-E76B13499B1D}.Standalone|Mixed Platforms.ActiveCfg = Standalone|x86
		{402D6798-D7AF-437C-9E3B-E76B13499B1D}.Standalone|Mixed Platforms.Build.0 = Standalone|x86
		{402D6798-D7AF-437C-9E3B-E76B13499B1D}.Standalone|x86.ActiveCfg = Release|x86
		{402D6798-D7AF-437C-9E3B-E76B13499B1D}.Standalone|x86.Build.0 = Release|x86
		{6AE134AA-2399-48A8-B220-573195622F70}.CD_ROM|Any CPU.ActiveCfg = Release|x86
		{6AE134AA-2399-48A8-B220-573195622F70}.CD_ROM|Mixed Platforms.ActiveCfg = Release|x86
		{6AE134AA-2399-48A8-B220-573195622F70}.CD_ROM|Mixed Platforms.Build.0 = Release|x86
		{6AE134AA-2399-48A8-B220-573195622F70}.CD_ROM|x86.ActiveCfg = Release|x86
		{6AE134AA-2399-48A8-B220-573195622F70}.CD_ROM|x86.Build.0 = Release|x86
		{6AE134AA-2399-48A8-B220-573195622F70}.Debug|Any CPU.ActiveCfg = Debug|x86
		{6AE134AA-2399-48A8-B220-573195622F70}.Debug|Mixed Platforms.ActiveCfg = Debug|x86
		{6AE134AA-2399-48A8-B220-573195622F70}.Debug|Mixed Platforms.Build.0 = Debug|x86
		{6AE134AA-2399-48A8-B220-573195622F70}.Debug|x86.ActiveCfg = Debug|x86
		{6AE134AA-2399-48A8-B220-573195622F70}.Debug|x86.Build.0 = Debug|x86
		{6AE134AA-2399-48A8-B220-573195622F70}.DVD-5|Any CPU.ActiveCfg = Debug|x86
		{6AE134AA-2399-48A8-B220-573195622F70}.DVD-5|Mixed Platforms.ActiveCfg = Debug|x86
		{6AE134AA-2399-48A8-B220-573195622F70}.DVD-5|Mixed Platforms.Build.0 = Debug|x86
		{6AE134AA-2399-48A8-B220-573195622F70}.DVD-5|x86.ActiveCfg = Debug|x86
		{6AE134AA-2399-48A8-B220-573195622F70}.DVD-5|x86.Build.0 = Debug|x86
		{6AE134AA-2399-48A8-B220-573195622F70}.Release|Any CPU.ActiveCfg = Release|x86
		{6AE134AA-2399-48A8-B220-573195622F70}.Release|Mixed Platforms.ActiveCfg = Release|x86
		{6AE134AA-2399-48A8-B220-573195622F70}.Release|Mixed Platforms.Build.0 = Release|x86
		{6AE134AA-2399-48A8-B220-573195622F70}.Release|x86.ActiveCfg = Release|x86
		{6AE134AA-2399-48A8-B220-573195622F70}.Release|x86.Build.0 = Release|x86
		{6AE134AA-2399-48A8-B220-573195622F70}.SingleImage|Any CPU.ActiveCfg = Release|x86
		{6AE134AA-2399-48A8-B220-573195622F70}.SingleImage|Mixed Platforms.ActiveCfg = Release|x86
		{6AE134AA-2399-48A8-B220-573195622F70}.SingleImage|Mixed Platforms.Build.0 = Release|x86
		{6AE134AA-2399-48A8-B220-573195622F70}.SingleImage|x86.ActiveCfg = Release|x86
		{6AE134AA-2399-48A8-B220-573195622F70}.Standalone|Any CPU.ActiveCfg = Standalone|x86
		{6AE134AA-2399-48A8-B220-573195622F70}.Standalone|Mixed Platforms.ActiveCfg = Standalone|x86
		{6AE134AA-2399-48A8-B220-573195622F70}.Standalone|Mixed Platforms.Build.0 = Standalone|x86
		{6AE134AA-2399-48A8-B220-573195622F70}.Standalone|x86.ActiveCfg = Release|x86
		{6AE134AA-2399-48A8-B220-573195622F70}.Standalone|x86.Build.0 = Release|x86
		{89275D49-579A-4339-81BE-5692C8CAD313}.CD_ROM|Any CPU.ActiveCfg = Release|Any CPU
		{89275D49-579A-4339-81BE-5692C8CAD313}.CD_ROM|Any CPU.Build.0 = Release|Any CPU
		{89275D49-579A-4339-81BE-5692C8CAD313}.CD_ROM|Mixed Platforms.ActiveCfg = Release|Any CPU
		{89275D49-579A-4339-81BE-5692C8CAD313}.CD_ROM|Mixed Platforms.Build.0 = Release|Any CPU
		{89275D49-579A-4339-81BE-5692C8CAD313}.CD_ROM|x86.ActiveCfg = Release|Any CPU
		{89275D49-579A-4339-81BE-5692C8CAD313}.Debug|Any CPU.ActiveCfg = Debug|Any CPU
		{89275D49-579A-4339-81BE-5692C8CAD313}.Debug|Any CPU.Build.0 = Debug|Any CPU
		{89275D49-579A-4339-81BE-5692C8CAD313}.Debug|Mixed Platforms.ActiveCfg = Debug|Any CPU
		{89275D49-579A-4339-81BE-5692C8CAD313}.Debug|Mixed Platforms.Build.0 = Debug|Any CPU
		{89275D49-579A-4339-81BE-5692C8CAD313}.Debug|x86.ActiveCfg = Debug|Any CPU
		{89275D49-579A-4339-81BE-5692C8CAD313}.DVD-5|Any CPU.ActiveCfg = Debug|Any CPU
		{89275D49-579A-4339-81BE-5692C8CAD313}.DVD-5|Any CPU.Build.0 = Debug|Any CPU
		{89275D49-579A-4339-81BE-5692C8CAD313}.DVD-5|Mixed Platforms.ActiveCfg = Debug|Any CPU
		{89275D49-579A-4339-81BE-5692C8CAD313}.DVD-5|Mixed Platforms.Build.0 = Debug|Any CPU
		{89275D49-579A-4339-81BE-5692C8CAD313}.DVD-5|x86.ActiveCfg = Debug|Any CPU
		{89275D49-579A-4339-81BE-5692C8CAD313}.Release|Any CPU.ActiveCfg = Release|Any CPU
		{89275D49-579A-4339-81BE-5692C8CAD313}.Release|Any CPU.Build.0 = Release|Any CPU
		{89275D49-579A-4339-81BE-5692C8CAD313}.Release|Mixed Platforms.ActiveCfg = Release|Any CPU
		{89275D49-579A-4339-81BE-5692C8CAD313}.Release|Mixed Platforms.Build.0 = Release|Any CPU
		{89275D49-579A-4339-81BE-5692C8CAD313}.Release|x86.ActiveCfg = Release|Any CPU
		{89275D49-579A-4339-81BE-5692C8CAD313}.Release|x86.Build.0 = Release|Any CPU
		{89275D49-579A-4339-81BE-5692C8CAD313}.SingleImage|Any CPU.ActiveCfg = Release|Any CPU
		{89275D49-579A-4339-81BE-5692C8CAD313}.SingleImage|Any CPU.Build.0 = Release|Any CPU
		{89275D49-579A-4339-81BE-5692C8CAD313}.SingleImage|Mixed Platforms.ActiveCfg = Release|Any CPU
		{89275D49-579A-4339-81BE-5692C8CAD313}.SingleImage|Mixed Platforms.Build.0 = Release|Any CPU
		{89275D49-579A-4339-81BE-5692C8CAD313}.SingleImage|x86.ActiveCfg = Release|Any CPU
		{89275D49-579A-4339-81BE-5692C8CAD313}.Standalone|Any CPU.ActiveCfg = Standalone|Any CPU
		{89275D49-579A-4339-81BE-5692C8CAD313}.Standalone|Mixed Platforms.ActiveCfg = Standalone|Any CPU
		{89275D49-579A-4339-81BE-5692C8CAD313}.Standalone|Mixed Platforms.Build.0 = Standalone|Any CPU
		{89275D49-579A-4339-81BE-5692C8CAD313}.Standalone|x86.ActiveCfg = Standalone|Any CPU
		{89275D49-579A-4339-81BE-5692C8CAD313}.Standalone|x86.Build.0 = Standalone|Any CPU
		{D5D39EAB-D105-4DB2-9C6C-03746529C333}.CD_ROM|Any CPU.ActiveCfg = Release|x86
		{D5D39EAB-D105-4DB2-9C6C-03746529C333}.CD_ROM|Mixed Platforms.ActiveCfg = Release|x86
		{D5D39EAB-D105-4DB2-9C6C-03746529C333}.CD_ROM|Mixed Platforms.Build.0 = Release|x86
		{D5D39EAB-D105-4DB2-9C6C-03746529C333}.CD_ROM|x86.ActiveCfg = Release|x86
		{D5D39EAB-D105-4DB2-9C6C-03746529C333}.CD_ROM|x86.Build.0 = Release|x86
		{D5D39EAB-D105-4DB2-9C6C-03746529C333}.Debug|Any CPU.ActiveCfg = Debug|x86
		{D5D39EAB-D105-4DB2-9C6C-03746529C333}.Debug|Mixed Platforms.ActiveCfg = Debug|x86
		{D5D39EAB-D105-4DB2-9C6C-03746529C333}.Debug|Mixed Platforms.Build.0 = Debug|x86
		{D5D39EAB-D105-4DB2-9C6C-03746529C333}.Debug|x86.ActiveCfg = Debug|x86
		{D5D39EAB-D105-4DB2-9C6C-03746529C333}.Debug|x86.Build.0 = Debug|x86
		{D5D39EAB-D105-4DB2-9C6C-03746529C333}.DVD-5|Any CPU.ActiveCfg = Debug|x86
		{D5D39EAB-D105-4DB2-9C6C-03746529C333}.DVD-5|Mixed Platforms.ActiveCfg = Debug|x86
		{D5D39EAB-D105-4DB2-9C6C-03746529C333}.DVD-5|Mixed Platforms.Build.0 = Debug|x86
		{D5D39EAB-D105-4DB2-9C6C-03746529C333}.DVD-5|x86.ActiveCfg = Debug|x86
		{D5D39EAB-D105-4DB2-9C6C-03746529C333}.DVD-5|x86.Build.0 = Debug|x86
		{D5D39EAB-D105-4DB2-9C6C-03746529C333}.Release|Any CPU.ActiveCfg = Release|x86
		{D5D39EAB-D105-4DB2-9C6C-03746529C333}.Release|Mixed Platforms.ActiveCfg = Release|x86
		{D5D39EAB-D105-4DB2-9C6C-03746529C333}.Release|Mixed Platforms.Build.0 = Release|x86
		{D5D39EAB-D105-4DB2-9C6C-03746529C333}.Release|x86.ActiveCfg = Release|x86
		{D5D39EAB-D105-4DB2-9C6C-03746529C333}.Release|x86.Build.0 = Release|x86
		{D5D39EAB-D105-4DB2-9C6C-03746529C333}.SingleImage|Any CPU.ActiveCfg = Release|x86
		{D5D39EAB-D105-4DB2-9C6C-03746529C333}.SingleImage|Mixed Platforms.ActiveCfg = Release|x86
		{D5D39EAB-D105-4DB2-9C6C-03746529C333}.SingleImage|Mixed Platforms.Build.0 = Release|x86
		{D5D39EAB-D105-4DB2-9C6C-03746529C333}.SingleImage|x86.ActiveCfg = Release|x86
		{D5D39EAB-D105-4DB2-9C6C-03746529C333}.SingleImage|x86.Build.0 = Release|x86
		{D5D39EAB-D105-4DB2-9C6C-03746529C333}.Standalone|Any CPU.ActiveCfg = Standalone|x86
		{D5D39EAB-D105-4DB2-9C6C-03746529C333}.Standalone|Mixed Platforms.ActiveCfg = Standalone|x86
		{D5D39EAB-D105-4DB2-9C6C-03746529C333}.Standalone|Mixed Platforms.Build.0 = Standalone|x86
		{D5D39EAB-D105-4DB2-9C6C-03746529C333}.Standalone|x86.ActiveCfg = Release|x86
		{D5D39EAB-D105-4DB2-9C6C-03746529C333}.Standalone|x86.Build.0 = Release|x86
		{72454067-D41E-4A47-A1A6-07B6FCFA343F}.CD_ROM|Any CPU.ActiveCfg = Release|x86
		{72454067-D41E-4A47-A1A6-07B6FCFA343F}.CD_ROM|Mixed Platforms.ActiveCfg = Release|x86
		{72454067-D41E-4A47-A1A6-07B6FCFA343F}.CD_ROM|Mixed Platforms.Build.0 = Release|x86
		{72454067-D41E-4A47-A1A6-07B6FCFA343F}.CD_ROM|x86.ActiveCfg = Release|x86
		{72454067-D41E-4A47-A1A6-07B6FCFA343F}.CD_ROM|x86.Build.0 = Release|x86
		{72454067-D41E-4A47-A1A6-07B6FCFA343F}.Debug|Any CPU.ActiveCfg = Debug|x86
		{72454067-D41E-4A47-A1A6-07B6FCFA343F}.Debug|Mixed Platforms.ActiveCfg = Debug|x86
		{72454067-D41E-4A47-A1A6-07B6FCFA343F}.Debug|Mixed Platforms.Build.0 = Debug|x86
		{72454067-D41E-4A47-A1A6-07B6FCFA343F}.Debug|x86.ActiveCfg = Debug|x86
		{72454067-D41E-4A47-A1A6-07B6FCFA343F}.Debug|x86.Build.0 = Debug|x86
		{72454067-D41E-4A47-A1A6-07B6FCFA343F}.DVD-5|Any CPU.ActiveCfg = Debug|x86
		{72454067-D41E-4A47-A1A6-07B6FCFA343F}.DVD-5|Mixed Platforms.ActiveCfg = Debug|x86
		{72454067-D41E-4A47-A1A6-07B6FCFA343F}.DVD-5|Mixed Platforms.Build.0 = Debug|x86
		{72454067-D41E-4A47-A1A6-07B6FCFA343F}.DVD-5|x86.ActiveCfg = Debug|x86
		{72454067-D41E-4A47-A1A6-07B6FCFA343F}.DVD-5|x86.Build.0 = Debug|x86
		{72454067-D41E-4A47-A1A6-07B6FCFA343F}.Release|Any CPU.ActiveCfg = Release|x86
		{72454067-D41E-4A47-A1A6-07B6FCFA343F}.Release|Mixed Platforms.ActiveCfg = Release|x86
		{72454067-D41E-4A47-A1A6-07B6FCFA343F}.Release|Mixed Platforms.Build.0 = Release|x86
		{72454067-D41E-4A47-A1A6-07B6FCFA343F}.Release|x86.ActiveCfg = Release|x86
		{72454067-D41E-4A47-A1A6-07B6FCFA343F}.Release|x86.Build.0 = Release|x86
		{72454067-D41E-4A47-A1A6-07B6FCFA343F}.SingleImage|Any CPU.ActiveCfg = Release|x86
		{72454067-D41E-4A47-A1A6-07B6FCFA343F}.SingleImage|Mixed Platforms.ActiveCfg = Release|x86
		{72454067-D41E-4A47-A1A6-07B6FCFA343F}.SingleImage|Mixed Platforms.Build.0 = Release|x86
		{72454067-D41E-4A47-A1A6-07B6FCFA343F}.SingleImage|x86.ActiveCfg = Release|x86
		{72454067-D41E-4A47-A1A6-07B6FCFA343F}.SingleImage|x86.Build.0 = Release|x86
		{72454067-D41E-4A47-A1A6-07B6FCFA343F}.Standalone|Any CPU.ActiveCfg = Standalone|x86
		{72454067-D41E-4A47-A1A6-07B6FCFA343F}.Standalone|Mixed Platforms.ActiveCfg = Standalone|x86
		{72454067-D41E-4A47-A1A6-07B6FCFA343F}.Standalone|Mixed Platforms.Build.0 = Standalone|x86
		{72454067-D41E-4A47-A1A6-07B6FCFA343F}.Standalone|x86.ActiveCfg = Release|x86
		{72454067-D41E-4A47-A1A6-07B6FCFA343F}.Standalone|x86.Build.0 = Release|x86
	EndGlobalSection
	GlobalSection(SolutionProperties) = preSolution
		HideSolutionNode = FALSE
	EndGlobalSection
	GlobalSection(NestedProjects) = preSolution
		{09131C94-6C26-4813-9373-F56094F933C0} = {5354D55E-97FA-4A1E-A9CC-F569C5121ADA}
		{3F5A4C77-F9E3-4537-B2D5-02AF7D98E449} = {5354D55E-97FA-4A1E-A9CC-F569C5121ADA}
		{511BA7F5-8421-4E58-B918-8BB3C3B9C0AD} = {5354D55E-97FA-4A1E-A9CC-F569C5121ADA}
		{5518BC29-2C4C-426D-AC0D-68E1113DC4AC} = {5354D55E-97FA-4A1E-A9CC-F569C5121ADA}
		{C91ADE65-5BB8-4B63-B13C-3CBA81A81A59} = {5354D55E-97FA-4A1E-A9CC-F569C5121ADA}
		{79AB05A8-CD4F-4532-850F-CED511FAA33D} = {07C7DC9A-3641-4DF1-BD26-9C0A24BD1F5F}
		{22BAB393-39B7-41E3-8EA1-43B4175D33EB} = {07C7DC9A-3641-4DF1-BD26-9C0A24BD1F5F}
		{FE01ACC1-CE92-44BC-BAF9-04799748362C} = {09131C94-6C26-4813-9373-F56094F933C0}
		{125D96C1-848F-42BE-94F5-A5611F45B961} = {3F5A4C77-F9E3-4537-B2D5-02AF7D98E449}
		{DD8F7A3D-4F40-4927-8BEE-EBA6230BC51A} = {3F5A4C77-F9E3-4537-B2D5-02AF7D98E449}
		{187FF69E-6AE9-4B86-9A73-2C3145EC28A2} = {3F5A4C77-F9E3-4537-B2D5-02AF7D98E449}
		{24FEA20A-ACCF-4DE4-B11D-072E21854A7C} = {3F5A4C77-F9E3-4537-B2D5-02AF7D98E449}
		{36596C4B-DB3F-41D6-9A92-FF5F9625F354} = {3F5A4C77-F9E3-4537-B2D5-02AF7D98E449}
		{33DFB433-FD26-4743-A0B9-81CCA8A0DD2A} = {511BA7F5-8421-4E58-B918-8BB3C3B9C0AD}
		{D7865C67-C751-4F05-A102-B8F669F9C025} = {511BA7F5-8421-4E58-B918-8BB3C3B9C0AD}
		{D5D39EAB-D105-4DB2-9C6C-03746529C333} = {511BA7F5-8421-4E58-B918-8BB3C3B9C0AD}
		{78B22D96-4175-4000-8CA9-C8C0FDDF71C0} = {5518BC29-2C4C-426D-AC0D-68E1113DC4AC}
		{88E9D88E-0D32-45F5-B774-0128B9370722} = {5518BC29-2C4C-426D-AC0D-68E1113DC4AC}
		{5CFA9DC0-C3CD-4BC7-8F8D-6C27F8E56C18} = {5518BC29-2C4C-426D-AC0D-68E1113DC4AC}
		{402D6798-D7AF-437C-9E3B-E76B13499B1D} = {5518BC29-2C4C-426D-AC0D-68E1113DC4AC}
		{6AE134AA-2399-48A8-B220-573195622F70} = {5518BC29-2C4C-426D-AC0D-68E1113DC4AC}
		{B54EE06A-33DF-4F1B-A2EB-AB4A83D9D4B6} = {C91ADE65-5BB8-4B63-B13C-3CBA81A81A59}
		{9A86F4EC-4207-4071-8E29-5D7FEFC44EA2} = {C91ADE65-5BB8-4B63-B13C-3CBA81A81A59}
		{72454067-D41E-4A47-A1A6-07B6FCFA343F} = {C91ADE65-5BB8-4B63-B13C-3CBA81A81A59}
	EndGlobalSection
	GlobalSection(ExtensibilityGlobals) = postSolution
		BuildVersion_AssemblyInfoFilename = SharedAssemblyInfo.cs
		BuildVersion_UpdateFileVersion = True
		BuildVersion_UpdateAssemblyVersion = True
		BuildVersion_BuildVersioningStyle = None.None.Increment.TimeStamp
		BuildVersion_IncrementBeforeBuild = True
	EndGlobalSection
EndGlobal
